// !$*UTF8*$!
{
	archiveVersion = 1;
	classes = {
	};
	objectVersion = 46;
	objects = {

/* Begin PBXAggregateTarget section */
		"PayseraParcelSDK::PayseraParcelSDKPackageTests::ProductTarget" /* PayseraParcelSDKPackageTests */ = {
			isa = PBXAggregateTarget;
			buildConfigurationList = OBJ_341 /* Build configuration list for PBXAggregateTarget "PayseraParcelSDKPackageTests" */;
			buildPhases = (
			);
			dependencies = (
				OBJ_344 /* PBXTargetDependency */,
			);
			name = PayseraParcelSDKPackageTests;
			productName = PayseraParcelSDKPackageTests;
		};
/* End PBXAggregateTarget section */

/* Begin PBXBuildFile section */
		746A2763262FECEE008C8C4E /* PSParcelStatus.swift in Sources */ = {isa = PBXBuildFile; fileRef = 746A2762262FECEE008C8C4E /* PSParcelStatus.swift */; };
		746A278F262FED65008C8C4E /* PSParcelPaymentStatus.swift in Sources */ = {isa = PBXBuildFile; fileRef = 746A278E262FED65008C8C4E /* PSParcelPaymentStatus.swift */; };
		OBJ_166 /* AFError.swift in Sources */ = {isa = PBXBuildFile; fileRef = OBJ_106 /* AFError.swift */; };
		OBJ_167 /* Alamofire.swift in Sources */ = {isa = PBXBuildFile; fileRef = OBJ_107 /* Alamofire.swift */; };
		OBJ_168 /* AlamofireExtended.swift in Sources */ = {isa = PBXBuildFile; fileRef = OBJ_108 /* AlamofireExtended.swift */; };
		OBJ_169 /* AuthenticationInterceptor.swift in Sources */ = {isa = PBXBuildFile; fileRef = OBJ_109 /* AuthenticationInterceptor.swift */; };
		OBJ_170 /* CachedResponseHandler.swift in Sources */ = {isa = PBXBuildFile; fileRef = OBJ_110 /* CachedResponseHandler.swift */; };
		OBJ_171 /* Combine.swift in Sources */ = {isa = PBXBuildFile; fileRef = OBJ_111 /* Combine.swift */; };
		OBJ_172 /* DispatchQueue+Alamofire.swift in Sources */ = {isa = PBXBuildFile; fileRef = OBJ_112 /* DispatchQueue+Alamofire.swift */; };
		OBJ_173 /* EventMonitor.swift in Sources */ = {isa = PBXBuildFile; fileRef = OBJ_113 /* EventMonitor.swift */; };
		OBJ_174 /* HTTPHeaders.swift in Sources */ = {isa = PBXBuildFile; fileRef = OBJ_114 /* HTTPHeaders.swift */; };
		OBJ_175 /* HTTPMethod.swift in Sources */ = {isa = PBXBuildFile; fileRef = OBJ_115 /* HTTPMethod.swift */; };
		OBJ_176 /* MultipartFormData.swift in Sources */ = {isa = PBXBuildFile; fileRef = OBJ_116 /* MultipartFormData.swift */; };
		OBJ_177 /* MultipartUpload.swift in Sources */ = {isa = PBXBuildFile; fileRef = OBJ_117 /* MultipartUpload.swift */; };
		OBJ_178 /* NetworkReachabilityManager.swift in Sources */ = {isa = PBXBuildFile; fileRef = OBJ_118 /* NetworkReachabilityManager.swift */; };
		OBJ_179 /* Notifications.swift in Sources */ = {isa = PBXBuildFile; fileRef = OBJ_119 /* Notifications.swift */; };
		OBJ_180 /* OperationQueue+Alamofire.swift in Sources */ = {isa = PBXBuildFile; fileRef = OBJ_120 /* OperationQueue+Alamofire.swift */; };
		OBJ_181 /* ParameterEncoder.swift in Sources */ = {isa = PBXBuildFile; fileRef = OBJ_121 /* ParameterEncoder.swift */; };
		OBJ_182 /* ParameterEncoding.swift in Sources */ = {isa = PBXBuildFile; fileRef = OBJ_122 /* ParameterEncoding.swift */; };
		OBJ_183 /* Protected.swift in Sources */ = {isa = PBXBuildFile; fileRef = OBJ_123 /* Protected.swift */; };
		OBJ_184 /* RedirectHandler.swift in Sources */ = {isa = PBXBuildFile; fileRef = OBJ_124 /* RedirectHandler.swift */; };
		OBJ_185 /* Request.swift in Sources */ = {isa = PBXBuildFile; fileRef = OBJ_125 /* Request.swift */; };
		OBJ_186 /* RequestInterceptor.swift in Sources */ = {isa = PBXBuildFile; fileRef = OBJ_126 /* RequestInterceptor.swift */; };
		OBJ_187 /* RequestTaskMap.swift in Sources */ = {isa = PBXBuildFile; fileRef = OBJ_127 /* RequestTaskMap.swift */; };
		OBJ_188 /* Response.swift in Sources */ = {isa = PBXBuildFile; fileRef = OBJ_128 /* Response.swift */; };
		OBJ_189 /* ResponseSerialization.swift in Sources */ = {isa = PBXBuildFile; fileRef = OBJ_129 /* ResponseSerialization.swift */; };
		OBJ_190 /* Result+Alamofire.swift in Sources */ = {isa = PBXBuildFile; fileRef = OBJ_130 /* Result+Alamofire.swift */; };
		OBJ_191 /* RetryPolicy.swift in Sources */ = {isa = PBXBuildFile; fileRef = OBJ_131 /* RetryPolicy.swift */; };
		OBJ_192 /* ServerTrustEvaluation.swift in Sources */ = {isa = PBXBuildFile; fileRef = OBJ_132 /* ServerTrustEvaluation.swift */; };
		OBJ_193 /* Session.swift in Sources */ = {isa = PBXBuildFile; fileRef = OBJ_133 /* Session.swift */; };
		OBJ_194 /* SessionDelegate.swift in Sources */ = {isa = PBXBuildFile; fileRef = OBJ_134 /* SessionDelegate.swift */; };
		OBJ_195 /* StringEncoding+Alamofire.swift in Sources */ = {isa = PBXBuildFile; fileRef = OBJ_135 /* StringEncoding+Alamofire.swift */; };
		OBJ_196 /* URLConvertible+URLRequestConvertible.swift in Sources */ = {isa = PBXBuildFile; fileRef = OBJ_136 /* URLConvertible+URLRequestConvertible.swift */; };
		OBJ_197 /* URLEncodedFormEncoder.swift in Sources */ = {isa = PBXBuildFile; fileRef = OBJ_137 /* URLEncodedFormEncoder.swift */; };
		OBJ_198 /* URLRequest+Alamofire.swift in Sources */ = {isa = PBXBuildFile; fileRef = OBJ_138 /* URLRequest+Alamofire.swift */; };
		OBJ_199 /* URLSessionConfiguration+Alamofire.swift in Sources */ = {isa = PBXBuildFile; fileRef = OBJ_139 /* URLSessionConfiguration+Alamofire.swift */; };
		OBJ_200 /* Validation.swift in Sources */ = {isa = PBXBuildFile; fileRef = OBJ_140 /* Validation.swift */; };
		OBJ_207 /* Package.swift in Sources */ = {isa = PBXBuildFile; fileRef = OBJ_105 /* Package.swift */; };
		OBJ_213 /* A0JWT.swift in Sources */ = {isa = PBXBuildFile; fileRef = OBJ_143 /* A0JWT.swift */; };
		OBJ_214 /* Errors.swift in Sources */ = {isa = PBXBuildFile; fileRef = OBJ_144 /* Errors.swift */; };
		OBJ_215 /* JWT.swift in Sources */ = {isa = PBXBuildFile; fileRef = OBJ_145 /* JWT.swift */; };
		OBJ_216 /* JWTDecode.swift in Sources */ = {isa = PBXBuildFile; fileRef = OBJ_146 /* JWTDecode.swift */; };
		OBJ_217 /* TokenValidators.swift in Sources */ = {isa = PBXBuildFile; fileRef = OBJ_147 /* TokenValidators.swift */; };
		OBJ_218 /* ValidationError.swift in Sources */ = {isa = PBXBuildFile; fileRef = OBJ_148 /* ValidationError.swift */; };
		OBJ_219 /* ValidatorJWT.swift in Sources */ = {isa = PBXBuildFile; fileRef = OBJ_149 /* ValidatorJWT.swift */; };
		OBJ_226 /* Package.swift in Sources */ = {isa = PBXBuildFile; fileRef = OBJ_150 /* Package.swift */; };
		OBJ_232 /* CodableTransform.swift in Sources */ = {isa = PBXBuildFile; fileRef = OBJ_63 /* CodableTransform.swift */; };
		OBJ_233 /* CustomDateFormatTransform.swift in Sources */ = {isa = PBXBuildFile; fileRef = OBJ_64 /* CustomDateFormatTransform.swift */; };
		OBJ_234 /* DataTransform.swift in Sources */ = {isa = PBXBuildFile; fileRef = OBJ_65 /* DataTransform.swift */; };
		OBJ_235 /* DateFormatterTransform.swift in Sources */ = {isa = PBXBuildFile; fileRef = OBJ_66 /* DateFormatterTransform.swift */; };
		OBJ_236 /* DateTransform.swift in Sources */ = {isa = PBXBuildFile; fileRef = OBJ_67 /* DateTransform.swift */; };
		OBJ_237 /* DictionaryTransform.swift in Sources */ = {isa = PBXBuildFile; fileRef = OBJ_68 /* DictionaryTransform.swift */; };
		OBJ_238 /* EnumOperators.swift in Sources */ = {isa = PBXBuildFile; fileRef = OBJ_69 /* EnumOperators.swift */; };
		OBJ_239 /* EnumTransform.swift in Sources */ = {isa = PBXBuildFile; fileRef = OBJ_70 /* EnumTransform.swift */; };
		OBJ_240 /* FromJSON.swift in Sources */ = {isa = PBXBuildFile; fileRef = OBJ_71 /* FromJSON.swift */; };
		OBJ_241 /* HexColorTransform.swift in Sources */ = {isa = PBXBuildFile; fileRef = OBJ_72 /* HexColorTransform.swift */; };
		OBJ_242 /* ISO8601DateTransform.swift in Sources */ = {isa = PBXBuildFile; fileRef = OBJ_73 /* ISO8601DateTransform.swift */; };
		OBJ_243 /* ImmutableMappable.swift in Sources */ = {isa = PBXBuildFile; fileRef = OBJ_74 /* ImmutableMappable.swift */; };
		OBJ_244 /* IntegerOperators.swift in Sources */ = {isa = PBXBuildFile; fileRef = OBJ_75 /* IntegerOperators.swift */; };
		OBJ_245 /* Map.swift in Sources */ = {isa = PBXBuildFile; fileRef = OBJ_76 /* Map.swift */; };
		OBJ_246 /* MapError.swift in Sources */ = {isa = PBXBuildFile; fileRef = OBJ_77 /* MapError.swift */; };
		OBJ_247 /* Mappable.swift in Sources */ = {isa = PBXBuildFile; fileRef = OBJ_78 /* Mappable.swift */; };
		OBJ_248 /* Mapper.swift in Sources */ = {isa = PBXBuildFile; fileRef = OBJ_79 /* Mapper.swift */; };
		OBJ_249 /* NSDecimalNumberTransform.swift in Sources */ = {isa = PBXBuildFile; fileRef = OBJ_80 /* NSDecimalNumberTransform.swift */; };
		OBJ_250 /* Operators.swift in Sources */ = {isa = PBXBuildFile; fileRef = OBJ_81 /* Operators.swift */; };
		OBJ_251 /* ToJSON.swift in Sources */ = {isa = PBXBuildFile; fileRef = OBJ_82 /* ToJSON.swift */; };
		OBJ_252 /* TransformOf.swift in Sources */ = {isa = PBXBuildFile; fileRef = OBJ_83 /* TransformOf.swift */; };
		OBJ_253 /* TransformOperators.swift in Sources */ = {isa = PBXBuildFile; fileRef = OBJ_84 /* TransformOperators.swift */; };
		OBJ_254 /* TransformType.swift in Sources */ = {isa = PBXBuildFile; fileRef = OBJ_85 /* TransformType.swift */; };
		OBJ_255 /* URLTransform.swift in Sources */ = {isa = PBXBuildFile; fileRef = OBJ_86 /* URLTransform.swift */; };
		OBJ_262 /* Package.swift in Sources */ = {isa = PBXBuildFile; fileRef = OBJ_62 /* Package.swift */; };
		OBJ_268 /* PSApiError.swift in Sources */ = {isa = PBXBuildFile; fileRef = OBJ_43 /* PSApiError.swift */; };
		OBJ_269 /* PSApiJWTCredentials.swift in Sources */ = {isa = PBXBuildFile; fileRef = OBJ_44 /* PSApiJWTCredentials.swift */; };
		OBJ_270 /* PSApiRequest.swift in Sources */ = {isa = PBXBuildFile; fileRef = OBJ_45 /* PSApiRequest.swift */; };
		OBJ_271 /* PSBaseFilter.swift in Sources */ = {isa = PBXBuildFile; fileRef = OBJ_46 /* PSBaseFilter.swift */; };
		OBJ_272 /* PSCursors.swift in Sources */ = {isa = PBXBuildFile; fileRef = OBJ_47 /* PSCursors.swift */; };
		OBJ_273 /* PSMetadata.swift in Sources */ = {isa = PBXBuildFile; fileRef = OBJ_48 /* PSMetadata.swift */; };
		OBJ_274 /* PSMetadataAwareResponse.swift in Sources */ = {isa = PBXBuildFile; fileRef = OBJ_49 /* PSMetadataAwareResponse.swift */; };
		OBJ_275 /* PSMoney.swift in Sources */ = {isa = PBXBuildFile; fileRef = OBJ_50 /* PSMoney.swift */; };
		OBJ_276 /* PSRequestHeaders.swift in Sources */ = {isa = PBXBuildFile; fileRef = OBJ_51 /* PSRequestHeaders.swift */; };
		OBJ_277 /* PSURLRequestHeader.swift in Sources */ = {isa = PBXBuildFile; fileRef = OBJ_52 /* PSURLRequestHeader.swift */; };
		OBJ_278 /* PSLoggerProtocol.swift in Sources */ = {isa = PBXBuildFile; fileRef = OBJ_54 /* PSLoggerProtocol.swift */; };
		OBJ_279 /* PSTokenRefresherProtocol.swift in Sources */ = {isa = PBXBuildFile; fileRef = OBJ_55 /* PSTokenRefresherProtocol.swift */; };
		OBJ_280 /* PSBaseApiClient.swift in Sources */ = {isa = PBXBuildFile; fileRef = OBJ_57 /* PSBaseApiClient.swift */; };
		OBJ_281 /* PSRequestAdapter.swift in Sources */ = {isa = PBXBuildFile; fileRef = OBJ_58 /* PSRequestAdapter.swift */; };
		OBJ_282 /* PSTrustedSession.swift in Sources */ = {isa = PBXBuildFile; fileRef = OBJ_59 /* PSTrustedSession.swift */; };
		OBJ_284 /* JWTDecode.framework in Frameworks */ = {isa = PBXBuildFile; fileRef = "JWTDecode::JWTDecode::Product" /* JWTDecode.framework */; };
		OBJ_285 /* ObjectMapper.framework in Frameworks */ = {isa = PBXBuildFile; fileRef = "ObjectMapper::ObjectMapper::Product" /* ObjectMapper.framework */; };
		OBJ_286 /* PromiseKit.framework in Frameworks */ = {isa = PBXBuildFile; fileRef = "PromiseKit::PromiseKit::Product" /* PromiseKit.framework */; };
		OBJ_287 /* Alamofire.framework in Frameworks */ = {isa = PBXBuildFile; fileRef = "Alamofire::Alamofire::Product" /* Alamofire.framework */; };
		OBJ_298 /* Package.swift in Sources */ = {isa = PBXBuildFile; fileRef = OBJ_60 /* Package.swift */; };
		OBJ_304 /* PSParcelPriceFilter.swift in Sources */ = {isa = PBXBuildFile; fileRef = OBJ_11 /* PSParcelPriceFilter.swift */; };
		OBJ_305 /* PSTerminalFilter.swift in Sources */ = {isa = PBXBuildFile; fileRef = OBJ_12 /* PSTerminalFilter.swift */; };
		OBJ_307 /* PSCourierCompany.swift in Sources */ = {isa = PBXBuildFile; fileRef = OBJ_14 /* PSCourierCompany.swift */; };
		OBJ_308 /* PSParcel.swift in Sources */ = {isa = PBXBuildFile; fileRef = OBJ_15 /* PSParcel.swift */; };
		OBJ_309 /* PSParcelCountry.swift in Sources */ = {isa = PBXBuildFile; fileRef = OBJ_16 /* PSParcelCountry.swift */; };
		OBJ_310 /* PSParcelPayment.swift in Sources */ = {isa = PBXBuildFile; fileRef = OBJ_17 /* PSParcelPayment.swift */; };
		OBJ_311 /* PSParcelUser.swift in Sources */ = {isa = PBXBuildFile; fileRef = OBJ_18 /* PSParcelUser.swift */; };
		OBJ_312 /* PSSize.swift in Sources */ = {isa = PBXBuildFile; fileRef = OBJ_19 /* PSSize.swift */; };
		OBJ_313 /* PSSizeCount.swift in Sources */ = {isa = PBXBuildFile; fileRef = OBJ_20 /* PSSizeCount.swift */; };
		OBJ_314 /* PSStatusChange.swift in Sources */ = {isa = PBXBuildFile; fileRef = OBJ_21 /* PSStatusChange.swift */; };
		OBJ_315 /* PSTerminal.swift in Sources */ = {isa = PBXBuildFile; fileRef = OBJ_22 /* PSTerminal.swift */; };
		OBJ_319 /* ParcelAPIClient.swift in Sources */ = {isa = PBXBuildFile; fileRef = OBJ_28 /* ParcelAPIClient.swift */; };
		OBJ_320 /* ParcelAPIClientFactory.swift in Sources */ = {isa = PBXBuildFile; fileRef = OBJ_29 /* ParcelAPIClientFactory.swift */; };
		OBJ_321 /* ParcelAPIRequestRouter.swift in Sources */ = {isa = PBXBuildFile; fileRef = OBJ_30 /* ParcelAPIRequestRouter.swift */; };
		OBJ_324 /* PayseraCommonSDK.framework in Frameworks */ = {isa = PBXBuildFile; fileRef = "PayseraCommonSDK::PayseraCommonSDK::Product" /* PayseraCommonSDK.framework */; };
		OBJ_325 /* JWTDecode.framework in Frameworks */ = {isa = PBXBuildFile; fileRef = "JWTDecode::JWTDecode::Product" /* JWTDecode.framework */; };
		OBJ_326 /* ObjectMapper.framework in Frameworks */ = {isa = PBXBuildFile; fileRef = "ObjectMapper::ObjectMapper::Product" /* ObjectMapper.framework */; };
		OBJ_327 /* PromiseKit.framework in Frameworks */ = {isa = PBXBuildFile; fileRef = "PromiseKit::PromiseKit::Product" /* PromiseKit.framework */; };
		OBJ_328 /* Alamofire.framework in Frameworks */ = {isa = PBXBuildFile; fileRef = "Alamofire::Alamofire::Product" /* Alamofire.framework */; };
		OBJ_339 /* Package.swift in Sources */ = {isa = PBXBuildFile; fileRef = OBJ_6 /* Package.swift */; };
		OBJ_350 /* MockFactory.swift in Sources */ = {isa = PBXBuildFile; fileRef = OBJ_35 /* MockFactory.swift */; };
		OBJ_351 /* PayseraParcelSDKTests.swift in Sources */ = {isa = PBXBuildFile; fileRef = OBJ_36 /* PayseraParcelSDKTests.swift */; };
		OBJ_352 /* XCTestCase+Helper.swift in Sources */ = {isa = PBXBuildFile; fileRef = OBJ_37 /* XCTestCase+Helper.swift */; };
		OBJ_353 /* XCTestManifests.swift in Sources */ = {isa = PBXBuildFile; fileRef = OBJ_38 /* XCTestManifests.swift */; };
		OBJ_355 /* PayseraParcelSDK.framework in Frameworks */ = {isa = PBXBuildFile; fileRef = "PayseraParcelSDK::PayseraParcelSDK::Product" /* PayseraParcelSDK.framework */; };
		OBJ_356 /* PayseraCommonSDK.framework in Frameworks */ = {isa = PBXBuildFile; fileRef = "PayseraCommonSDK::PayseraCommonSDK::Product" /* PayseraCommonSDK.framework */; };
		OBJ_357 /* JWTDecode.framework in Frameworks */ = {isa = PBXBuildFile; fileRef = "JWTDecode::JWTDecode::Product" /* JWTDecode.framework */; };
		OBJ_358 /* ObjectMapper.framework in Frameworks */ = {isa = PBXBuildFile; fileRef = "ObjectMapper::ObjectMapper::Product" /* ObjectMapper.framework */; };
		OBJ_359 /* PromiseKit.framework in Frameworks */ = {isa = PBXBuildFile; fileRef = "PromiseKit::PromiseKit::Product" /* PromiseKit.framework */; };
		OBJ_360 /* Alamofire.framework in Frameworks */ = {isa = PBXBuildFile; fileRef = "Alamofire::Alamofire::Product" /* Alamofire.framework */; };
		OBJ_371 /* Box.swift in Sources */ = {isa = PBXBuildFile; fileRef = OBJ_89 /* Box.swift */; };
		OBJ_372 /* Catchable.swift in Sources */ = {isa = PBXBuildFile; fileRef = OBJ_90 /* Catchable.swift */; };
		OBJ_373 /* Configuration.swift in Sources */ = {isa = PBXBuildFile; fileRef = OBJ_91 /* Configuration.swift */; };
		OBJ_374 /* CustomStringConvertible.swift in Sources */ = {isa = PBXBuildFile; fileRef = OBJ_92 /* CustomStringConvertible.swift */; };
		OBJ_375 /* Error.swift in Sources */ = {isa = PBXBuildFile; fileRef = OBJ_93 /* Error.swift */; };
		OBJ_376 /* Guarantee.swift in Sources */ = {isa = PBXBuildFile; fileRef = OBJ_94 /* Guarantee.swift */; };
		OBJ_377 /* LogEvent.swift in Sources */ = {isa = PBXBuildFile; fileRef = OBJ_95 /* LogEvent.swift */; };
		OBJ_378 /* Promise.swift in Sources */ = {isa = PBXBuildFile; fileRef = OBJ_96 /* Promise.swift */; };
		OBJ_379 /* Resolver.swift in Sources */ = {isa = PBXBuildFile; fileRef = OBJ_97 /* Resolver.swift */; };
		OBJ_380 /* Thenable.swift in Sources */ = {isa = PBXBuildFile; fileRef = OBJ_98 /* Thenable.swift */; };
		OBJ_381 /* after.swift in Sources */ = {isa = PBXBuildFile; fileRef = OBJ_99 /* after.swift */; };
		OBJ_382 /* firstly.swift in Sources */ = {isa = PBXBuildFile; fileRef = OBJ_100 /* firstly.swift */; };
		OBJ_383 /* hang.swift in Sources */ = {isa = PBXBuildFile; fileRef = OBJ_101 /* hang.swift */; };
		OBJ_384 /* race.swift in Sources */ = {isa = PBXBuildFile; fileRef = OBJ_102 /* race.swift */; };
		OBJ_385 /* when.swift in Sources */ = {isa = PBXBuildFile; fileRef = OBJ_103 /* when.swift */; };
		OBJ_392 /* Package.swift in Sources */ = {isa = PBXBuildFile; fileRef = OBJ_88 /* Package.swift */; };
/* End PBXBuildFile section */

/* Begin PBXContainerItemProxy section */
		746A2718262FEC22008C8C4E /* PBXContainerItemProxy */ = {
			isa = PBXContainerItemProxy;
			containerPortal = OBJ_1 /* Project object */;
			proxyType = 1;
			remoteGlobalIDString = "PayseraCommonSDK::PayseraCommonSDK";
			remoteInfo = PayseraCommonSDK;
		};
		746A2719262FEC22008C8C4E /* PBXContainerItemProxy */ = {
			isa = PBXContainerItemProxy;
			containerPortal = OBJ_1 /* Project object */;
			proxyType = 1;
			remoteGlobalIDString = "JWTDecode::JWTDecode";
			remoteInfo = JWTDecode;
		};
		746A271A262FEC22008C8C4E /* PBXContainerItemProxy */ = {
			isa = PBXContainerItemProxy;
			containerPortal = OBJ_1 /* Project object */;
			proxyType = 1;
			remoteGlobalIDString = "ObjectMapper::ObjectMapper";
			remoteInfo = ObjectMapper;
		};
		746A271B262FEC22008C8C4E /* PBXContainerItemProxy */ = {
			isa = PBXContainerItemProxy;
			containerPortal = OBJ_1 /* Project object */;
			proxyType = 1;
			remoteGlobalIDString = "PromiseKit::PromiseKit";
			remoteInfo = PromiseKit;
		};
		746A271C262FEC22008C8C4E /* PBXContainerItemProxy */ = {
			isa = PBXContainerItemProxy;
			containerPortal = OBJ_1 /* Project object */;
			proxyType = 1;
			remoteGlobalIDString = "Alamofire::Alamofire";
			remoteInfo = Alamofire;
		};
		746A271D262FEC22008C8C4E /* PBXContainerItemProxy */ = {
			isa = PBXContainerItemProxy;
			containerPortal = OBJ_1 /* Project object */;
			proxyType = 1;
			remoteGlobalIDString = "JWTDecode::JWTDecode";
			remoteInfo = JWTDecode;
		};
		746A271E262FEC22008C8C4E /* PBXContainerItemProxy */ = {
			isa = PBXContainerItemProxy;
			containerPortal = OBJ_1 /* Project object */;
			proxyType = 1;
			remoteGlobalIDString = "ObjectMapper::ObjectMapper";
			remoteInfo = ObjectMapper;
		};
		746A271F262FEC22008C8C4E /* PBXContainerItemProxy */ = {
			isa = PBXContainerItemProxy;
			containerPortal = OBJ_1 /* Project object */;
			proxyType = 1;
			remoteGlobalIDString = "PromiseKit::PromiseKit";
			remoteInfo = PromiseKit;
		};
		746A2720262FEC22008C8C4E /* PBXContainerItemProxy */ = {
			isa = PBXContainerItemProxy;
			containerPortal = OBJ_1 /* Project object */;
			proxyType = 1;
			remoteGlobalIDString = "Alamofire::Alamofire";
			remoteInfo = Alamofire;
		};
		746A2721262FEC22008C8C4E /* PBXContainerItemProxy */ = {
			isa = PBXContainerItemProxy;
			containerPortal = OBJ_1 /* Project object */;
			proxyType = 1;
			remoteGlobalIDString = "PayseraParcelSDK::PayseraParcelSDK";
			remoteInfo = PayseraParcelSDK;
		};
		746A2722262FEC22008C8C4E /* PBXContainerItemProxy */ = {
			isa = PBXContainerItemProxy;
			containerPortal = OBJ_1 /* Project object */;
			proxyType = 1;
			remoteGlobalIDString = "PayseraCommonSDK::PayseraCommonSDK";
			remoteInfo = PayseraCommonSDK;
		};
		746A2723262FEC22008C8C4E /* PBXContainerItemProxy */ = {
			isa = PBXContainerItemProxy;
			containerPortal = OBJ_1 /* Project object */;
			proxyType = 1;
			remoteGlobalIDString = "JWTDecode::JWTDecode";
			remoteInfo = JWTDecode;
		};
		746A2724262FEC22008C8C4E /* PBXContainerItemProxy */ = {
			isa = PBXContainerItemProxy;
			containerPortal = OBJ_1 /* Project object */;
			proxyType = 1;
			remoteGlobalIDString = "ObjectMapper::ObjectMapper";
			remoteInfo = ObjectMapper;
		};
		746A2725262FEC22008C8C4E /* PBXContainerItemProxy */ = {
			isa = PBXContainerItemProxy;
			containerPortal = OBJ_1 /* Project object */;
			proxyType = 1;
			remoteGlobalIDString = "PromiseKit::PromiseKit";
			remoteInfo = PromiseKit;
		};
		746A2726262FEC22008C8C4E /* PBXContainerItemProxy */ = {
			isa = PBXContainerItemProxy;
			containerPortal = OBJ_1 /* Project object */;
			proxyType = 1;
			remoteGlobalIDString = "Alamofire::Alamofire";
			remoteInfo = Alamofire;
		};
		746A2731262FEC23008C8C4E /* PBXContainerItemProxy */ = {
			isa = PBXContainerItemProxy;
			containerPortal = OBJ_1 /* Project object */;
			proxyType = 1;
			remoteGlobalIDString = "PayseraParcelSDK::PayseraParcelSDKTests";
			remoteInfo = PayseraParcelSDKTests;
		};
/* End PBXContainerItemProxy section */

/* Begin PBXFileReference section */
		746A2762262FECEE008C8C4E /* PSParcelStatus.swift */ = {isa = PBXFileReference; lastKnownFileType = sourcecode.swift; path = PSParcelStatus.swift; sourceTree = "<group>"; };
		746A278E262FED65008C8C4E /* PSParcelPaymentStatus.swift */ = {isa = PBXFileReference; lastKnownFileType = sourcecode.swift; path = PSParcelPaymentStatus.swift; sourceTree = "<group>"; };
		"Alamofire::Alamofire::Product" /* Alamofire.framework */ = {isa = PBXFileReference; lastKnownFileType = wrapper.framework; path = Alamofire.framework; sourceTree = BUILT_PRODUCTS_DIR; };
		"JWTDecode::JWTDecode::Product" /* JWTDecode.framework */ = {isa = PBXFileReference; lastKnownFileType = wrapper.framework; path = JWTDecode.framework; sourceTree = BUILT_PRODUCTS_DIR; };
		OBJ_100 /* firstly.swift */ = {isa = PBXFileReference; lastKnownFileType = sourcecode.swift; path = firstly.swift; sourceTree = "<group>"; };
		OBJ_101 /* hang.swift */ = {isa = PBXFileReference; lastKnownFileType = sourcecode.swift; path = hang.swift; sourceTree = "<group>"; };
		OBJ_102 /* race.swift */ = {isa = PBXFileReference; lastKnownFileType = sourcecode.swift; path = race.swift; sourceTree = "<group>"; };
		OBJ_103 /* when.swift */ = {isa = PBXFileReference; lastKnownFileType = sourcecode.swift; path = when.swift; sourceTree = "<group>"; };
		OBJ_105 /* Package.swift */ = {isa = PBXFileReference; explicitFileType = sourcecode.swift; name = Package.swift; path = "/Users/gerald/Desktop/Paysera/swift-lib-parcel-sdk/.build/checkouts/Alamofire/Package.swift"; sourceTree = "<group>"; };
		OBJ_106 /* AFError.swift */ = {isa = PBXFileReference; lastKnownFileType = sourcecode.swift; path = AFError.swift; sourceTree = "<group>"; };
		OBJ_107 /* Alamofire.swift */ = {isa = PBXFileReference; lastKnownFileType = sourcecode.swift; path = Alamofire.swift; sourceTree = "<group>"; };
		OBJ_108 /* AlamofireExtended.swift */ = {isa = PBXFileReference; lastKnownFileType = sourcecode.swift; path = AlamofireExtended.swift; sourceTree = "<group>"; };
		OBJ_109 /* AuthenticationInterceptor.swift */ = {isa = PBXFileReference; lastKnownFileType = sourcecode.swift; path = AuthenticationInterceptor.swift; sourceTree = "<group>"; };
		OBJ_11 /* PSParcelPriceFilter.swift */ = {isa = PBXFileReference; lastKnownFileType = sourcecode.swift; path = PSParcelPriceFilter.swift; sourceTree = "<group>"; };
		OBJ_110 /* CachedResponseHandler.swift */ = {isa = PBXFileReference; lastKnownFileType = sourcecode.swift; path = CachedResponseHandler.swift; sourceTree = "<group>"; };
		OBJ_111 /* Combine.swift */ = {isa = PBXFileReference; lastKnownFileType = sourcecode.swift; path = Combine.swift; sourceTree = "<group>"; };
		OBJ_112 /* DispatchQueue+Alamofire.swift */ = {isa = PBXFileReference; lastKnownFileType = sourcecode.swift; path = "DispatchQueue+Alamofire.swift"; sourceTree = "<group>"; };
		OBJ_113 /* EventMonitor.swift */ = {isa = PBXFileReference; lastKnownFileType = sourcecode.swift; path = EventMonitor.swift; sourceTree = "<group>"; };
		OBJ_114 /* HTTPHeaders.swift */ = {isa = PBXFileReference; lastKnownFileType = sourcecode.swift; path = HTTPHeaders.swift; sourceTree = "<group>"; };
		OBJ_115 /* HTTPMethod.swift */ = {isa = PBXFileReference; lastKnownFileType = sourcecode.swift; path = HTTPMethod.swift; sourceTree = "<group>"; };
		OBJ_116 /* MultipartFormData.swift */ = {isa = PBXFileReference; lastKnownFileType = sourcecode.swift; path = MultipartFormData.swift; sourceTree = "<group>"; };
		OBJ_117 /* MultipartUpload.swift */ = {isa = PBXFileReference; lastKnownFileType = sourcecode.swift; path = MultipartUpload.swift; sourceTree = "<group>"; };
		OBJ_118 /* NetworkReachabilityManager.swift */ = {isa = PBXFileReference; lastKnownFileType = sourcecode.swift; path = NetworkReachabilityManager.swift; sourceTree = "<group>"; };
		OBJ_119 /* Notifications.swift */ = {isa = PBXFileReference; lastKnownFileType = sourcecode.swift; path = Notifications.swift; sourceTree = "<group>"; };
		OBJ_12 /* PSTerminalFilter.swift */ = {isa = PBXFileReference; lastKnownFileType = sourcecode.swift; path = PSTerminalFilter.swift; sourceTree = "<group>"; };
		OBJ_120 /* OperationQueue+Alamofire.swift */ = {isa = PBXFileReference; lastKnownFileType = sourcecode.swift; path = "OperationQueue+Alamofire.swift"; sourceTree = "<group>"; };
		OBJ_121 /* ParameterEncoder.swift */ = {isa = PBXFileReference; lastKnownFileType = sourcecode.swift; path = ParameterEncoder.swift; sourceTree = "<group>"; };
		OBJ_122 /* ParameterEncoding.swift */ = {isa = PBXFileReference; lastKnownFileType = sourcecode.swift; path = ParameterEncoding.swift; sourceTree = "<group>"; };
		OBJ_123 /* Protected.swift */ = {isa = PBXFileReference; lastKnownFileType = sourcecode.swift; path = Protected.swift; sourceTree = "<group>"; };
		OBJ_124 /* RedirectHandler.swift */ = {isa = PBXFileReference; lastKnownFileType = sourcecode.swift; path = RedirectHandler.swift; sourceTree = "<group>"; };
		OBJ_125 /* Request.swift */ = {isa = PBXFileReference; lastKnownFileType = sourcecode.swift; path = Request.swift; sourceTree = "<group>"; };
		OBJ_126 /* RequestInterceptor.swift */ = {isa = PBXFileReference; lastKnownFileType = sourcecode.swift; path = RequestInterceptor.swift; sourceTree = "<group>"; };
		OBJ_127 /* RequestTaskMap.swift */ = {isa = PBXFileReference; lastKnownFileType = sourcecode.swift; path = RequestTaskMap.swift; sourceTree = "<group>"; };
		OBJ_128 /* Response.swift */ = {isa = PBXFileReference; lastKnownFileType = sourcecode.swift; path = Response.swift; sourceTree = "<group>"; };
		OBJ_129 /* ResponseSerialization.swift */ = {isa = PBXFileReference; lastKnownFileType = sourcecode.swift; path = ResponseSerialization.swift; sourceTree = "<group>"; };
		OBJ_130 /* Result+Alamofire.swift */ = {isa = PBXFileReference; lastKnownFileType = sourcecode.swift; path = "Result+Alamofire.swift"; sourceTree = "<group>"; };
		OBJ_131 /* RetryPolicy.swift */ = {isa = PBXFileReference; lastKnownFileType = sourcecode.swift; path = RetryPolicy.swift; sourceTree = "<group>"; };
		OBJ_132 /* ServerTrustEvaluation.swift */ = {isa = PBXFileReference; lastKnownFileType = sourcecode.swift; path = ServerTrustEvaluation.swift; sourceTree = "<group>"; };
		OBJ_133 /* Session.swift */ = {isa = PBXFileReference; lastKnownFileType = sourcecode.swift; path = Session.swift; sourceTree = "<group>"; };
		OBJ_134 /* SessionDelegate.swift */ = {isa = PBXFileReference; lastKnownFileType = sourcecode.swift; path = SessionDelegate.swift; sourceTree = "<group>"; };
		OBJ_135 /* StringEncoding+Alamofire.swift */ = {isa = PBXFileReference; lastKnownFileType = sourcecode.swift; path = "StringEncoding+Alamofire.swift"; sourceTree = "<group>"; };
		OBJ_136 /* URLConvertible+URLRequestConvertible.swift */ = {isa = PBXFileReference; lastKnownFileType = sourcecode.swift; path = "URLConvertible+URLRequestConvertible.swift"; sourceTree = "<group>"; };
		OBJ_137 /* URLEncodedFormEncoder.swift */ = {isa = PBXFileReference; lastKnownFileType = sourcecode.swift; path = URLEncodedFormEncoder.swift; sourceTree = "<group>"; };
		OBJ_138 /* URLRequest+Alamofire.swift */ = {isa = PBXFileReference; lastKnownFileType = sourcecode.swift; path = "URLRequest+Alamofire.swift"; sourceTree = "<group>"; };
		OBJ_139 /* URLSessionConfiguration+Alamofire.swift */ = {isa = PBXFileReference; lastKnownFileType = sourcecode.swift; path = "URLSessionConfiguration+Alamofire.swift"; sourceTree = "<group>"; };
		OBJ_14 /* PSCourierCompany.swift */ = {isa = PBXFileReference; lastKnownFileType = sourcecode.swift; path = PSCourierCompany.swift; sourceTree = "<group>"; };
		OBJ_140 /* Validation.swift */ = {isa = PBXFileReference; lastKnownFileType = sourcecode.swift; path = Validation.swift; sourceTree = "<group>"; };
		OBJ_143 /* A0JWT.swift */ = {isa = PBXFileReference; lastKnownFileType = sourcecode.swift; path = A0JWT.swift; sourceTree = "<group>"; };
		OBJ_144 /* Errors.swift */ = {isa = PBXFileReference; lastKnownFileType = sourcecode.swift; path = Errors.swift; sourceTree = "<group>"; };
		OBJ_145 /* JWT.swift */ = {isa = PBXFileReference; lastKnownFileType = sourcecode.swift; path = JWT.swift; sourceTree = "<group>"; };
		OBJ_146 /* JWTDecode.swift */ = {isa = PBXFileReference; lastKnownFileType = sourcecode.swift; path = JWTDecode.swift; sourceTree = "<group>"; };
		OBJ_147 /* TokenValidators.swift */ = {isa = PBXFileReference; lastKnownFileType = sourcecode.swift; path = TokenValidators.swift; sourceTree = "<group>"; };
		OBJ_148 /* ValidationError.swift */ = {isa = PBXFileReference; lastKnownFileType = sourcecode.swift; path = ValidationError.swift; sourceTree = "<group>"; };
		OBJ_149 /* ValidatorJWT.swift */ = {isa = PBXFileReference; lastKnownFileType = sourcecode.swift; path = ValidatorJWT.swift; sourceTree = "<group>"; };
		OBJ_15 /* PSParcel.swift */ = {isa = PBXFileReference; lastKnownFileType = sourcecode.swift; path = PSParcel.swift; sourceTree = "<group>"; };
		OBJ_150 /* Package.swift */ = {isa = PBXFileReference; explicitFileType = sourcecode.swift; name = Package.swift; path = "/Users/gerald/Desktop/Paysera/swift-lib-parcel-sdk/.build/checkouts/JWTDecode.swift/Package.swift"; sourceTree = "<group>"; };
		OBJ_159 /* PayseraParcelSDK */ = {isa = PBXFileReference; lastKnownFileType = folder; path = PayseraParcelSDK; sourceTree = SOURCE_ROOT; };
		OBJ_16 /* PSParcelCountry.swift */ = {isa = PBXFileReference; lastKnownFileType = sourcecode.swift; path = PSParcelCountry.swift; sourceTree = "<group>"; };
		OBJ_160 /* README.md */ = {isa = PBXFileReference; lastKnownFileType = net.daringfireball.markdown; path = README.md; sourceTree = "<group>"; };
		OBJ_17 /* PSParcelPayment.swift */ = {isa = PBXFileReference; lastKnownFileType = sourcecode.swift; path = PSParcelPayment.swift; sourceTree = "<group>"; };
		OBJ_18 /* PSParcelUser.swift */ = {isa = PBXFileReference; lastKnownFileType = sourcecode.swift; path = PSParcelUser.swift; sourceTree = "<group>"; };
		OBJ_19 /* PSSize.swift */ = {isa = PBXFileReference; lastKnownFileType = sourcecode.swift; path = PSSize.swift; sourceTree = "<group>"; };
		OBJ_20 /* PSSizeCount.swift */ = {isa = PBXFileReference; lastKnownFileType = sourcecode.swift; path = PSSizeCount.swift; sourceTree = "<group>"; };
		OBJ_21 /* PSStatusChange.swift */ = {isa = PBXFileReference; lastKnownFileType = sourcecode.swift; path = PSStatusChange.swift; sourceTree = "<group>"; };
		OBJ_22 /* PSTerminal.swift */ = {isa = PBXFileReference; lastKnownFileType = sourcecode.swift; path = PSTerminal.swift; sourceTree = "<group>"; };
		OBJ_28 /* ParcelAPIClient.swift */ = {isa = PBXFileReference; lastKnownFileType = sourcecode.swift; path = ParcelAPIClient.swift; sourceTree = "<group>"; };
		OBJ_29 /* ParcelAPIClientFactory.swift */ = {isa = PBXFileReference; lastKnownFileType = sourcecode.swift; path = ParcelAPIClientFactory.swift; sourceTree = "<group>"; };
		OBJ_30 /* ParcelAPIRequestRouter.swift */ = {isa = PBXFileReference; lastKnownFileType = sourcecode.swift; path = ParcelAPIRequestRouter.swift; sourceTree = "<group>"; };
		OBJ_35 /* MockFactory.swift */ = {isa = PBXFileReference; lastKnownFileType = sourcecode.swift; path = MockFactory.swift; sourceTree = "<group>"; };
		OBJ_36 /* PayseraParcelSDKTests.swift */ = {isa = PBXFileReference; lastKnownFileType = sourcecode.swift; path = PayseraParcelSDKTests.swift; sourceTree = "<group>"; };
		OBJ_37 /* XCTestCase+Helper.swift */ = {isa = PBXFileReference; lastKnownFileType = sourcecode.swift; path = "XCTestCase+Helper.swift"; sourceTree = "<group>"; };
		OBJ_38 /* XCTestManifests.swift */ = {isa = PBXFileReference; lastKnownFileType = sourcecode.swift; path = XCTestManifests.swift; sourceTree = "<group>"; };
		OBJ_43 /* PSApiError.swift */ = {isa = PBXFileReference; lastKnownFileType = sourcecode.swift; path = PSApiError.swift; sourceTree = "<group>"; };
		OBJ_44 /* PSApiJWTCredentials.swift */ = {isa = PBXFileReference; lastKnownFileType = sourcecode.swift; path = PSApiJWTCredentials.swift; sourceTree = "<group>"; };
		OBJ_45 /* PSApiRequest.swift */ = {isa = PBXFileReference; lastKnownFileType = sourcecode.swift; path = PSApiRequest.swift; sourceTree = "<group>"; };
		OBJ_46 /* PSBaseFilter.swift */ = {isa = PBXFileReference; lastKnownFileType = sourcecode.swift; path = PSBaseFilter.swift; sourceTree = "<group>"; };
		OBJ_47 /* PSCursors.swift */ = {isa = PBXFileReference; lastKnownFileType = sourcecode.swift; path = PSCursors.swift; sourceTree = "<group>"; };
		OBJ_48 /* PSMetadata.swift */ = {isa = PBXFileReference; lastKnownFileType = sourcecode.swift; path = PSMetadata.swift; sourceTree = "<group>"; };
		OBJ_49 /* PSMetadataAwareResponse.swift */ = {isa = PBXFileReference; lastKnownFileType = sourcecode.swift; path = PSMetadataAwareResponse.swift; sourceTree = "<group>"; };
		OBJ_50 /* PSMoney.swift */ = {isa = PBXFileReference; lastKnownFileType = sourcecode.swift; path = PSMoney.swift; sourceTree = "<group>"; };
		OBJ_51 /* PSRequestHeaders.swift */ = {isa = PBXFileReference; lastKnownFileType = sourcecode.swift; path = PSRequestHeaders.swift; sourceTree = "<group>"; };
		OBJ_52 /* PSURLRequestHeader.swift */ = {isa = PBXFileReference; lastKnownFileType = sourcecode.swift; path = PSURLRequestHeader.swift; sourceTree = "<group>"; };
		OBJ_54 /* PSLoggerProtocol.swift */ = {isa = PBXFileReference; lastKnownFileType = sourcecode.swift; path = PSLoggerProtocol.swift; sourceTree = "<group>"; };
		OBJ_55 /* PSTokenRefresherProtocol.swift */ = {isa = PBXFileReference; lastKnownFileType = sourcecode.swift; path = PSTokenRefresherProtocol.swift; sourceTree = "<group>"; };
		OBJ_57 /* PSBaseApiClient.swift */ = {isa = PBXFileReference; lastKnownFileType = sourcecode.swift; path = PSBaseApiClient.swift; sourceTree = "<group>"; };
		OBJ_58 /* PSRequestAdapter.swift */ = {isa = PBXFileReference; lastKnownFileType = sourcecode.swift; path = PSRequestAdapter.swift; sourceTree = "<group>"; };
		OBJ_59 /* PSTrustedSession.swift */ = {isa = PBXFileReference; lastKnownFileType = sourcecode.swift; path = PSTrustedSession.swift; sourceTree = "<group>"; };
		OBJ_6 /* Package.swift */ = {isa = PBXFileReference; explicitFileType = sourcecode.swift; path = Package.swift; sourceTree = "<group>"; };
		OBJ_60 /* Package.swift */ = {isa = PBXFileReference; explicitFileType = sourcecode.swift; name = Package.swift; path = "/Users/gerald/Desktop/Paysera/swift-lib-parcel-sdk/.build/checkouts/swift-lib-common-sdk/Package.swift"; sourceTree = "<group>"; };
		OBJ_62 /* Package.swift */ = {isa = PBXFileReference; explicitFileType = sourcecode.swift; name = Package.swift; path = "/Users/gerald/Desktop/Paysera/swift-lib-parcel-sdk/.build/checkouts/ObjectMapper/Package.swift"; sourceTree = "<group>"; };
		OBJ_63 /* CodableTransform.swift */ = {isa = PBXFileReference; lastKnownFileType = sourcecode.swift; path = CodableTransform.swift; sourceTree = "<group>"; };
		OBJ_64 /* CustomDateFormatTransform.swift */ = {isa = PBXFileReference; lastKnownFileType = sourcecode.swift; path = CustomDateFormatTransform.swift; sourceTree = "<group>"; };
		OBJ_65 /* DataTransform.swift */ = {isa = PBXFileReference; lastKnownFileType = sourcecode.swift; path = DataTransform.swift; sourceTree = "<group>"; };
		OBJ_66 /* DateFormatterTransform.swift */ = {isa = PBXFileReference; lastKnownFileType = sourcecode.swift; path = DateFormatterTransform.swift; sourceTree = "<group>"; };
		OBJ_67 /* DateTransform.swift */ = {isa = PBXFileReference; lastKnownFileType = sourcecode.swift; path = DateTransform.swift; sourceTree = "<group>"; };
		OBJ_68 /* DictionaryTransform.swift */ = {isa = PBXFileReference; lastKnownFileType = sourcecode.swift; path = DictionaryTransform.swift; sourceTree = "<group>"; };
		OBJ_69 /* EnumOperators.swift */ = {isa = PBXFileReference; lastKnownFileType = sourcecode.swift; path = EnumOperators.swift; sourceTree = "<group>"; };
		OBJ_70 /* EnumTransform.swift */ = {isa = PBXFileReference; lastKnownFileType = sourcecode.swift; path = EnumTransform.swift; sourceTree = "<group>"; };
		OBJ_71 /* FromJSON.swift */ = {isa = PBXFileReference; lastKnownFileType = sourcecode.swift; path = FromJSON.swift; sourceTree = "<group>"; };
		OBJ_72 /* HexColorTransform.swift */ = {isa = PBXFileReference; lastKnownFileType = sourcecode.swift; path = HexColorTransform.swift; sourceTree = "<group>"; };
		OBJ_73 /* ISO8601DateTransform.swift */ = {isa = PBXFileReference; lastKnownFileType = sourcecode.swift; path = ISO8601DateTransform.swift; sourceTree = "<group>"; };
		OBJ_74 /* ImmutableMappable.swift */ = {isa = PBXFileReference; lastKnownFileType = sourcecode.swift; path = ImmutableMappable.swift; sourceTree = "<group>"; };
		OBJ_75 /* IntegerOperators.swift */ = {isa = PBXFileReference; lastKnownFileType = sourcecode.swift; path = IntegerOperators.swift; sourceTree = "<group>"; };
		OBJ_76 /* Map.swift */ = {isa = PBXFileReference; lastKnownFileType = sourcecode.swift; path = Map.swift; sourceTree = "<group>"; };
		OBJ_77 /* MapError.swift */ = {isa = PBXFileReference; lastKnownFileType = sourcecode.swift; path = MapError.swift; sourceTree = "<group>"; };
		OBJ_78 /* Mappable.swift */ = {isa = PBXFileReference; lastKnownFileType = sourcecode.swift; path = Mappable.swift; sourceTree = "<group>"; };
		OBJ_79 /* Mapper.swift */ = {isa = PBXFileReference; lastKnownFileType = sourcecode.swift; path = Mapper.swift; sourceTree = "<group>"; };
		OBJ_80 /* NSDecimalNumberTransform.swift */ = {isa = PBXFileReference; lastKnownFileType = sourcecode.swift; path = NSDecimalNumberTransform.swift; sourceTree = "<group>"; };
		OBJ_81 /* Operators.swift */ = {isa = PBXFileReference; lastKnownFileType = sourcecode.swift; path = Operators.swift; sourceTree = "<group>"; };
		OBJ_82 /* ToJSON.swift */ = {isa = PBXFileReference; lastKnownFileType = sourcecode.swift; path = ToJSON.swift; sourceTree = "<group>"; };
		OBJ_83 /* TransformOf.swift */ = {isa = PBXFileReference; lastKnownFileType = sourcecode.swift; path = TransformOf.swift; sourceTree = "<group>"; };
		OBJ_84 /* TransformOperators.swift */ = {isa = PBXFileReference; lastKnownFileType = sourcecode.swift; path = TransformOperators.swift; sourceTree = "<group>"; };
		OBJ_85 /* TransformType.swift */ = {isa = PBXFileReference; lastKnownFileType = sourcecode.swift; path = TransformType.swift; sourceTree = "<group>"; };
		OBJ_86 /* URLTransform.swift */ = {isa = PBXFileReference; lastKnownFileType = sourcecode.swift; path = URLTransform.swift; sourceTree = "<group>"; };
		OBJ_88 /* Package.swift */ = {isa = PBXFileReference; explicitFileType = sourcecode.swift; name = Package.swift; path = "/Users/gerald/Desktop/Paysera/swift-lib-parcel-sdk/.build/checkouts/PromiseKit/Package.swift"; sourceTree = "<group>"; };
		OBJ_89 /* Box.swift */ = {isa = PBXFileReference; lastKnownFileType = sourcecode.swift; path = Box.swift; sourceTree = "<group>"; };
		OBJ_90 /* Catchable.swift */ = {isa = PBXFileReference; lastKnownFileType = sourcecode.swift; path = Catchable.swift; sourceTree = "<group>"; };
		OBJ_91 /* Configuration.swift */ = {isa = PBXFileReference; lastKnownFileType = sourcecode.swift; path = Configuration.swift; sourceTree = "<group>"; };
		OBJ_92 /* CustomStringConvertible.swift */ = {isa = PBXFileReference; lastKnownFileType = sourcecode.swift; path = CustomStringConvertible.swift; sourceTree = "<group>"; };
		OBJ_93 /* Error.swift */ = {isa = PBXFileReference; lastKnownFileType = sourcecode.swift; path = Error.swift; sourceTree = "<group>"; };
		OBJ_94 /* Guarantee.swift */ = {isa = PBXFileReference; lastKnownFileType = sourcecode.swift; path = Guarantee.swift; sourceTree = "<group>"; };
		OBJ_95 /* LogEvent.swift */ = {isa = PBXFileReference; lastKnownFileType = sourcecode.swift; path = LogEvent.swift; sourceTree = "<group>"; };
		OBJ_96 /* Promise.swift */ = {isa = PBXFileReference; lastKnownFileType = sourcecode.swift; path = Promise.swift; sourceTree = "<group>"; };
		OBJ_97 /* Resolver.swift */ = {isa = PBXFileReference; lastKnownFileType = sourcecode.swift; path = Resolver.swift; sourceTree = "<group>"; };
		OBJ_98 /* Thenable.swift */ = {isa = PBXFileReference; lastKnownFileType = sourcecode.swift; path = Thenable.swift; sourceTree = "<group>"; };
		OBJ_99 /* after.swift */ = {isa = PBXFileReference; lastKnownFileType = sourcecode.swift; path = after.swift; sourceTree = "<group>"; };
		"ObjectMapper::ObjectMapper::Product" /* ObjectMapper.framework */ = {isa = PBXFileReference; lastKnownFileType = wrapper.framework; path = ObjectMapper.framework; sourceTree = BUILT_PRODUCTS_DIR; };
		"PayseraCommonSDK::PayseraCommonSDK::Product" /* PayseraCommonSDK.framework */ = {isa = PBXFileReference; lastKnownFileType = wrapper.framework; path = PayseraCommonSDK.framework; sourceTree = BUILT_PRODUCTS_DIR; };
		"PayseraParcelSDK::PayseraParcelSDK::Product" /* PayseraParcelSDK.framework */ = {isa = PBXFileReference; lastKnownFileType = wrapper.framework; path = PayseraParcelSDK.framework; sourceTree = BUILT_PRODUCTS_DIR; };
		"PayseraParcelSDK::PayseraParcelSDKTests::Product" /* PayseraParcelSDKTests.xctest */ = {isa = PBXFileReference; lastKnownFileType = file; path = PayseraParcelSDKTests.xctest; sourceTree = BUILT_PRODUCTS_DIR; };
		"PromiseKit::PromiseKit::Product" /* PromiseKit.framework */ = {isa = PBXFileReference; lastKnownFileType = wrapper.framework; path = PromiseKit.framework; sourceTree = BUILT_PRODUCTS_DIR; };
/* End PBXFileReference section */

/* Begin PBXFrameworksBuildPhase section */
		OBJ_201 /* Frameworks */ = {
			isa = PBXFrameworksBuildPhase;
			buildActionMask = 0;
			files = (
			);
			runOnlyForDeploymentPostprocessing = 0;
		};
		OBJ_220 /* Frameworks */ = {
			isa = PBXFrameworksBuildPhase;
			buildActionMask = 0;
			files = (
			);
			runOnlyForDeploymentPostprocessing = 0;
		};
		OBJ_256 /* Frameworks */ = {
			isa = PBXFrameworksBuildPhase;
			buildActionMask = 0;
			files = (
			);
			runOnlyForDeploymentPostprocessing = 0;
		};
		OBJ_283 /* Frameworks */ = {
			isa = PBXFrameworksBuildPhase;
			buildActionMask = 0;
			files = (
				OBJ_284 /* JWTDecode.framework in Frameworks */,
				OBJ_285 /* ObjectMapper.framework in Frameworks */,
				OBJ_286 /* PromiseKit.framework in Frameworks */,
				OBJ_287 /* Alamofire.framework in Frameworks */,
			);
			runOnlyForDeploymentPostprocessing = 0;
		};
		OBJ_323 /* Frameworks */ = {
			isa = PBXFrameworksBuildPhase;
			buildActionMask = 0;
			files = (
				OBJ_324 /* PayseraCommonSDK.framework in Frameworks */,
				OBJ_325 /* JWTDecode.framework in Frameworks */,
				OBJ_326 /* ObjectMapper.framework in Frameworks */,
				OBJ_327 /* PromiseKit.framework in Frameworks */,
				OBJ_328 /* Alamofire.framework in Frameworks */,
			);
			runOnlyForDeploymentPostprocessing = 0;
		};
		OBJ_354 /* Frameworks */ = {
			isa = PBXFrameworksBuildPhase;
			buildActionMask = 0;
			files = (
				OBJ_355 /* PayseraParcelSDK.framework in Frameworks */,
				OBJ_356 /* PayseraCommonSDK.framework in Frameworks */,
				OBJ_357 /* JWTDecode.framework in Frameworks */,
				OBJ_358 /* ObjectMapper.framework in Frameworks */,
				OBJ_359 /* PromiseKit.framework in Frameworks */,
				OBJ_360 /* Alamofire.framework in Frameworks */,
			);
			runOnlyForDeploymentPostprocessing = 0;
		};
		OBJ_386 /* Frameworks */ = {
			isa = PBXFrameworksBuildPhase;
			buildActionMask = 0;
			files = (
			);
			runOnlyForDeploymentPostprocessing = 0;
		};
/* End PBXFrameworksBuildPhase section */

/* Begin PBXGroup section */
		OBJ_10 /* Filter */ = {
			isa = PBXGroup;
			children = (
				OBJ_11 /* PSParcelPriceFilter.swift */,
				OBJ_12 /* PSTerminalFilter.swift */,
			);
			path = Filter;
			sourceTree = "<group>";
		};
		OBJ_104 /* Alamofire 5.4.2 */ = {
			isa = PBXGroup;
			children = (
				OBJ_105 /* Package.swift */,
				OBJ_106 /* AFError.swift */,
				OBJ_107 /* Alamofire.swift */,
				OBJ_108 /* AlamofireExtended.swift */,
				OBJ_109 /* AuthenticationInterceptor.swift */,
				OBJ_110 /* CachedResponseHandler.swift */,
				OBJ_111 /* Combine.swift */,
				OBJ_112 /* DispatchQueue+Alamofire.swift */,
				OBJ_113 /* EventMonitor.swift */,
				OBJ_114 /* HTTPHeaders.swift */,
				OBJ_115 /* HTTPMethod.swift */,
				OBJ_116 /* MultipartFormData.swift */,
				OBJ_117 /* MultipartUpload.swift */,
				OBJ_118 /* NetworkReachabilityManager.swift */,
				OBJ_119 /* Notifications.swift */,
				OBJ_120 /* OperationQueue+Alamofire.swift */,
				OBJ_121 /* ParameterEncoder.swift */,
				OBJ_122 /* ParameterEncoding.swift */,
				OBJ_123 /* Protected.swift */,
				OBJ_124 /* RedirectHandler.swift */,
				OBJ_125 /* Request.swift */,
				OBJ_126 /* RequestInterceptor.swift */,
				OBJ_127 /* RequestTaskMap.swift */,
				OBJ_128 /* Response.swift */,
				OBJ_129 /* ResponseSerialization.swift */,
				OBJ_130 /* Result+Alamofire.swift */,
				OBJ_131 /* RetryPolicy.swift */,
				OBJ_132 /* ServerTrustEvaluation.swift */,
				OBJ_133 /* Session.swift */,
				OBJ_134 /* SessionDelegate.swift */,
				OBJ_135 /* StringEncoding+Alamofire.swift */,
				OBJ_136 /* URLConvertible+URLRequestConvertible.swift */,
				OBJ_137 /* URLEncodedFormEncoder.swift */,
				OBJ_138 /* URLRequest+Alamofire.swift */,
				OBJ_139 /* URLSessionConfiguration+Alamofire.swift */,
				OBJ_140 /* Validation.swift */,
			);
			name = "Alamofire 5.4.2";
			path = .build/checkouts/Alamofire/Source;
			sourceTree = SOURCE_ROOT;
		};
		OBJ_141 /* JWTDecode 2.6.0 */ = {
			isa = PBXGroup;
			children = (
				OBJ_142 /* JWTDecode */,
				OBJ_150 /* Package.swift */,
			);
			name = "JWTDecode 2.6.0";
			sourceTree = SOURCE_ROOT;
		};
		OBJ_142 /* JWTDecode */ = {
			isa = PBXGroup;
			children = (
				OBJ_143 /* A0JWT.swift */,
				OBJ_144 /* Errors.swift */,
				OBJ_145 /* JWT.swift */,
				OBJ_146 /* JWTDecode.swift */,
				OBJ_147 /* TokenValidators.swift */,
				OBJ_148 /* ValidationError.swift */,
				OBJ_149 /* ValidatorJWT.swift */,
			);
			name = JWTDecode;
			path = .build/checkouts/JWTDecode.swift/JWTDecode;
			sourceTree = SOURCE_ROOT;
		};
		OBJ_151 /* Products */ = {
			isa = PBXGroup;
			children = (
				"PayseraParcelSDK::PayseraParcelSDK::Product" /* PayseraParcelSDK.framework */,
				"PayseraCommonSDK::PayseraCommonSDK::Product" /* PayseraCommonSDK.framework */,
				"PromiseKit::PromiseKit::Product" /* PromiseKit.framework */,
				"PayseraParcelSDK::PayseraParcelSDKTests::Product" /* PayseraParcelSDKTests.xctest */,
				"Alamofire::Alamofire::Product" /* Alamofire.framework */,
				"JWTDecode::JWTDecode::Product" /* JWTDecode.framework */,
				"ObjectMapper::ObjectMapper::Product" /* ObjectMapper.framework */,
			);
			name = Products;
			sourceTree = BUILT_PRODUCTS_DIR;
		};
		OBJ_27 /* Services */ = {
			isa = PBXGroup;
			children = (
				OBJ_28 /* ParcelAPIClient.swift */,
				OBJ_29 /* ParcelAPIClientFactory.swift */,
				OBJ_30 /* ParcelAPIRequestRouter.swift */,
			);
			path = Services;
			sourceTree = "<group>";
		};
		OBJ_33 /* Tests */ = {
			isa = PBXGroup;
			children = (
				OBJ_34 /* PayseraParcelSDKTests */,
			);
			name = Tests;
			sourceTree = SOURCE_ROOT;
		};
		OBJ_34 /* PayseraParcelSDKTests */ = {
			isa = PBXGroup;
			children = (
				OBJ_35 /* MockFactory.swift */,
				OBJ_36 /* PayseraParcelSDKTests.swift */,
				OBJ_37 /* XCTestCase+Helper.swift */,
				OBJ_38 /* XCTestManifests.swift */,
			);
			name = PayseraParcelSDKTests;
			path = Tests/PayseraParcelSDKTests;
			sourceTree = SOURCE_ROOT;
		};
		OBJ_39 /* Dependencies */ = {
			isa = PBXGroup;
			children = (
				OBJ_40 /* PayseraCommonSDK 3.0.1 */,
				OBJ_61 /* ObjectMapper 4.2.0 */,
				OBJ_87 /* PromiseKit 6.13.3 */,
				OBJ_104 /* Alamofire 5.4.2 */,
				OBJ_141 /* JWTDecode 2.6.0 */,
			);
			name = Dependencies;
			sourceTree = "<group>";
		};
		OBJ_40 /* PayseraCommonSDK 3.0.1 */ = {
			isa = PBXGroup;
			children = (
				OBJ_41 /* PayseraCommonSDK */,
				OBJ_60 /* Package.swift */,
			);
			name = "PayseraCommonSDK 3.0.1";
			sourceTree = SOURCE_ROOT;
		};
		OBJ_41 /* PayseraCommonSDK */ = {
			isa = PBXGroup;
			children = (
				OBJ_42 /* Entities */,
				OBJ_53 /* Protocols */,
				OBJ_56 /* Services */,
			);
			name = PayseraCommonSDK;
			path = ".build/checkouts/swift-lib-common-sdk/Sources/PayseraCommonSDK";
			sourceTree = SOURCE_ROOT;
		};
		OBJ_42 /* Entities */ = {
			isa = PBXGroup;
			children = (
				OBJ_43 /* PSApiError.swift */,
				OBJ_44 /* PSApiJWTCredentials.swift */,
				OBJ_45 /* PSApiRequest.swift */,
				OBJ_46 /* PSBaseFilter.swift */,
				OBJ_47 /* PSCursors.swift */,
				OBJ_48 /* PSMetadata.swift */,
				OBJ_49 /* PSMetadataAwareResponse.swift */,
				OBJ_50 /* PSMoney.swift */,
				OBJ_51 /* PSRequestHeaders.swift */,
				OBJ_52 /* PSURLRequestHeader.swift */,
			);
			path = Entities;
			sourceTree = "<group>";
		};
		OBJ_5 = {
			isa = PBXGroup;
			children = (
				OBJ_6 /* Package.swift */,
				OBJ_7 /* Sources */,
				OBJ_33 /* Tests */,
				OBJ_39 /* Dependencies */,
				OBJ_151 /* Products */,
				OBJ_159 /* PayseraParcelSDK */,
				OBJ_160 /* README.md */,
			);
			sourceTree = "<group>";
		};
		OBJ_53 /* Protocols */ = {
			isa = PBXGroup;
			children = (
				OBJ_54 /* PSLoggerProtocol.swift */,
				OBJ_55 /* PSTokenRefresherProtocol.swift */,
			);
			path = Protocols;
			sourceTree = "<group>";
		};
		OBJ_56 /* Services */ = {
			isa = PBXGroup;
			children = (
				OBJ_57 /* PSBaseApiClient.swift */,
				OBJ_58 /* PSRequestAdapter.swift */,
				OBJ_59 /* PSTrustedSession.swift */,
			);
			path = Services;
			sourceTree = "<group>";
		};
		OBJ_61 /* ObjectMapper 4.2.0 */ = {
			isa = PBXGroup;
			children = (
				OBJ_62 /* Package.swift */,
				OBJ_63 /* CodableTransform.swift */,
				OBJ_64 /* CustomDateFormatTransform.swift */,
				OBJ_65 /* DataTransform.swift */,
				OBJ_66 /* DateFormatterTransform.swift */,
				OBJ_67 /* DateTransform.swift */,
				OBJ_68 /* DictionaryTransform.swift */,
				OBJ_69 /* EnumOperators.swift */,
				OBJ_70 /* EnumTransform.swift */,
				OBJ_71 /* FromJSON.swift */,
				OBJ_72 /* HexColorTransform.swift */,
				OBJ_73 /* ISO8601DateTransform.swift */,
				OBJ_74 /* ImmutableMappable.swift */,
				OBJ_75 /* IntegerOperators.swift */,
				OBJ_76 /* Map.swift */,
				OBJ_77 /* MapError.swift */,
				OBJ_78 /* Mappable.swift */,
				OBJ_79 /* Mapper.swift */,
				OBJ_80 /* NSDecimalNumberTransform.swift */,
				OBJ_81 /* Operators.swift */,
				OBJ_82 /* ToJSON.swift */,
				OBJ_83 /* TransformOf.swift */,
				OBJ_84 /* TransformOperators.swift */,
				OBJ_85 /* TransformType.swift */,
				OBJ_86 /* URLTransform.swift */,
			);
			name = "ObjectMapper 4.2.0";
			path = .build/checkouts/ObjectMapper/Sources;
			sourceTree = SOURCE_ROOT;
		};
		OBJ_7 /* Sources */ = {
			isa = PBXGroup;
			children = (
				OBJ_8 /* PayseraParcelSDK */,
			);
			name = Sources;
			sourceTree = SOURCE_ROOT;
		};
		OBJ_8 /* PayseraParcelSDK */ = {
			isa = PBXGroup;
			children = (
				OBJ_9 /* Entities */,
				OBJ_27 /* Services */,
			);
			name = PayseraParcelSDK;
			path = Sources/PayseraParcelSDK;
			sourceTree = SOURCE_ROOT;
		};
		OBJ_87 /* PromiseKit 6.13.3 */ = {
			isa = PBXGroup;
			children = (
				OBJ_88 /* Package.swift */,
				OBJ_89 /* Box.swift */,
				OBJ_90 /* Catchable.swift */,
				OBJ_91 /* Configuration.swift */,
				OBJ_92 /* CustomStringConvertible.swift */,
				OBJ_93 /* Error.swift */,
				OBJ_94 /* Guarantee.swift */,
				OBJ_95 /* LogEvent.swift */,
				OBJ_96 /* Promise.swift */,
				OBJ_97 /* Resolver.swift */,
				OBJ_98 /* Thenable.swift */,
				OBJ_99 /* after.swift */,
				OBJ_100 /* firstly.swift */,
				OBJ_101 /* hang.swift */,
				OBJ_102 /* race.swift */,
				OBJ_103 /* when.swift */,
			);
			name = "PromiseKit 6.13.3";
			path = .build/checkouts/PromiseKit/Sources;
			sourceTree = SOURCE_ROOT;
		};
		OBJ_9 /* Entities */ = {
			isa = PBXGroup;
			children = (
				OBJ_10 /* Filter */,
				OBJ_14 /* PSCourierCompany.swift */,
				OBJ_15 /* PSParcel.swift */,
				OBJ_16 /* PSParcelCountry.swift */,
				OBJ_17 /* PSParcelPayment.swift */,
				OBJ_18 /* PSParcelUser.swift */,
				OBJ_19 /* PSSize.swift */,
				OBJ_20 /* PSSizeCount.swift */,
				OBJ_21 /* PSStatusChange.swift */,
				OBJ_22 /* PSTerminal.swift */,
				746A2762262FECEE008C8C4E /* PSParcelStatus.swift */,
				746A278E262FED65008C8C4E /* PSParcelPaymentStatus.swift */,
			);
			path = Entities;
			sourceTree = "<group>";
		};
/* End PBXGroup section */

/* Begin PBXNativeTarget section */
		"Alamofire::Alamofire" /* Alamofire */ = {
			isa = PBXNativeTarget;
			buildConfigurationList = OBJ_162 /* Build configuration list for PBXNativeTarget "Alamofire" */;
			buildPhases = (
				OBJ_165 /* Sources */,
				OBJ_201 /* Frameworks */,
			);
			buildRules = (
			);
			dependencies = (
			);
			name = Alamofire;
			productName = Alamofire;
			productReference = "Alamofire::Alamofire::Product" /* Alamofire.framework */;
			productType = "com.apple.product-type.framework";
		};
		"Alamofire::SwiftPMPackageDescription" /* AlamofirePackageDescription */ = {
			isa = PBXNativeTarget;
			buildConfigurationList = OBJ_203 /* Build configuration list for PBXNativeTarget "AlamofirePackageDescription" */;
			buildPhases = (
				OBJ_206 /* Sources */,
			);
			buildRules = (
			);
			dependencies = (
			);
			name = AlamofirePackageDescription;
			productName = AlamofirePackageDescription;
			productType = "com.apple.product-type.framework";
		};
		"JWTDecode::JWTDecode" /* JWTDecode */ = {
			isa = PBXNativeTarget;
			buildConfigurationList = OBJ_209 /* Build configuration list for PBXNativeTarget "JWTDecode" */;
			buildPhases = (
				OBJ_212 /* Sources */,
				OBJ_220 /* Frameworks */,
			);
			buildRules = (
			);
			dependencies = (
			);
			name = JWTDecode;
			productName = JWTDecode;
			productReference = "JWTDecode::JWTDecode::Product" /* JWTDecode.framework */;
			productType = "com.apple.product-type.framework";
		};
		"JWTDecode::SwiftPMPackageDescription" /* JWTDecodePackageDescription */ = {
			isa = PBXNativeTarget;
			buildConfigurationList = OBJ_222 /* Build configuration list for PBXNativeTarget "JWTDecodePackageDescription" */;
			buildPhases = (
				OBJ_225 /* Sources */,
			);
			buildRules = (
			);
			dependencies = (
			);
			name = JWTDecodePackageDescription;
			productName = JWTDecodePackageDescription;
			productType = "com.apple.product-type.framework";
		};
		"ObjectMapper::ObjectMapper" /* ObjectMapper */ = {
			isa = PBXNativeTarget;
			buildConfigurationList = OBJ_228 /* Build configuration list for PBXNativeTarget "ObjectMapper" */;
			buildPhases = (
				OBJ_231 /* Sources */,
				OBJ_256 /* Frameworks */,
			);
			buildRules = (
			);
			dependencies = (
			);
			name = ObjectMapper;
			productName = ObjectMapper;
			productReference = "ObjectMapper::ObjectMapper::Product" /* ObjectMapper.framework */;
			productType = "com.apple.product-type.framework";
		};
		"ObjectMapper::SwiftPMPackageDescription" /* ObjectMapperPackageDescription */ = {
			isa = PBXNativeTarget;
			buildConfigurationList = OBJ_258 /* Build configuration list for PBXNativeTarget "ObjectMapperPackageDescription" */;
			buildPhases = (
				OBJ_261 /* Sources */,
			);
			buildRules = (
			);
			dependencies = (
			);
			name = ObjectMapperPackageDescription;
			productName = ObjectMapperPackageDescription;
			productType = "com.apple.product-type.framework";
		};
		"PayseraCommonSDK::PayseraCommonSDK" /* PayseraCommonSDK */ = {
			isa = PBXNativeTarget;
			buildConfigurationList = OBJ_264 /* Build configuration list for PBXNativeTarget "PayseraCommonSDK" */;
			buildPhases = (
				OBJ_267 /* Sources */,
				OBJ_283 /* Frameworks */,
			);
			buildRules = (
			);
			dependencies = (
				OBJ_288 /* PBXTargetDependency */,
				OBJ_289 /* PBXTargetDependency */,
				OBJ_290 /* PBXTargetDependency */,
				OBJ_292 /* PBXTargetDependency */,
			);
			name = PayseraCommonSDK;
			productName = PayseraCommonSDK;
			productReference = "PayseraCommonSDK::PayseraCommonSDK::Product" /* PayseraCommonSDK.framework */;
			productType = "com.apple.product-type.framework";
		};
		"PayseraCommonSDK::SwiftPMPackageDescription" /* PayseraCommonSDKPackageDescription */ = {
			isa = PBXNativeTarget;
			buildConfigurationList = OBJ_294 /* Build configuration list for PBXNativeTarget "PayseraCommonSDKPackageDescription" */;
			buildPhases = (
				OBJ_297 /* Sources */,
			);
			buildRules = (
			);
			dependencies = (
			);
			name = PayseraCommonSDKPackageDescription;
			productName = PayseraCommonSDKPackageDescription;
			productType = "com.apple.product-type.framework";
		};
		"PayseraParcelSDK::PayseraParcelSDK" /* PayseraParcelSDK */ = {
			isa = PBXNativeTarget;
			buildConfigurationList = OBJ_300 /* Build configuration list for PBXNativeTarget "PayseraParcelSDK" */;
			buildPhases = (
				OBJ_303 /* Sources */,
				OBJ_323 /* Frameworks */,
			);
			buildRules = (
			);
			dependencies = (
				OBJ_329 /* PBXTargetDependency */,
				OBJ_330 /* PBXTargetDependency */,
				OBJ_331 /* PBXTargetDependency */,
				OBJ_332 /* PBXTargetDependency */,
				OBJ_333 /* PBXTargetDependency */,
			);
			name = PayseraParcelSDK;
			productName = PayseraParcelSDK;
			productReference = "PayseraParcelSDK::PayseraParcelSDK::Product" /* PayseraParcelSDK.framework */;
			productType = "com.apple.product-type.framework";
		};
		"PayseraParcelSDK::PayseraParcelSDKTests" /* PayseraParcelSDKTests */ = {
			isa = PBXNativeTarget;
			buildConfigurationList = OBJ_346 /* Build configuration list for PBXNativeTarget "PayseraParcelSDKTests" */;
			buildPhases = (
				OBJ_349 /* Sources */,
				OBJ_354 /* Frameworks */,
			);
			buildRules = (
			);
			dependencies = (
				OBJ_361 /* PBXTargetDependency */,
				OBJ_362 /* PBXTargetDependency */,
				OBJ_363 /* PBXTargetDependency */,
				OBJ_364 /* PBXTargetDependency */,
				OBJ_365 /* PBXTargetDependency */,
				OBJ_366 /* PBXTargetDependency */,
			);
			name = PayseraParcelSDKTests;
			productName = PayseraParcelSDKTests;
			productReference = "PayseraParcelSDK::PayseraParcelSDKTests::Product" /* PayseraParcelSDKTests.xctest */;
			productType = "com.apple.product-type.bundle.unit-test";
		};
		"PayseraParcelSDK::SwiftPMPackageDescription" /* PayseraParcelSDKPackageDescription */ = {
			isa = PBXNativeTarget;
			buildConfigurationList = OBJ_335 /* Build configuration list for PBXNativeTarget "PayseraParcelSDKPackageDescription" */;
			buildPhases = (
				OBJ_338 /* Sources */,
			);
			buildRules = (
			);
			dependencies = (
			);
			name = PayseraParcelSDKPackageDescription;
			productName = PayseraParcelSDKPackageDescription;
			productType = "com.apple.product-type.framework";
		};
		"PromiseKit::PromiseKit" /* PromiseKit */ = {
			isa = PBXNativeTarget;
			buildConfigurationList = OBJ_367 /* Build configuration list for PBXNativeTarget "PromiseKit" */;
			buildPhases = (
				OBJ_370 /* Sources */,
				OBJ_386 /* Frameworks */,
			);
			buildRules = (
			);
			dependencies = (
			);
			name = PromiseKit;
			productName = PromiseKit;
			productReference = "PromiseKit::PromiseKit::Product" /* PromiseKit.framework */;
			productType = "com.apple.product-type.framework";
		};
		"PromiseKit::SwiftPMPackageDescription" /* PromiseKitPackageDescription */ = {
			isa = PBXNativeTarget;
			buildConfigurationList = OBJ_388 /* Build configuration list for PBXNativeTarget "PromiseKitPackageDescription" */;
			buildPhases = (
				OBJ_391 /* Sources */,
			);
			buildRules = (
			);
			dependencies = (
			);
			name = PromiseKitPackageDescription;
			productName = PromiseKitPackageDescription;
			productType = "com.apple.product-type.framework";
		};
/* End PBXNativeTarget section */

/* Begin PBXProject section */
		OBJ_1 /* Project object */ = {
			isa = PBXProject;
			attributes = {
				LastSwiftMigration = 9999;
				LastUpgradeCheck = 9999;
			};
			buildConfigurationList = OBJ_2 /* Build configuration list for PBXProject "PayseraParcelSDK" */;
			compatibilityVersion = "Xcode 3.2";
			developmentRegion = en;
			hasScannedForEncodings = 0;
			knownRegions = (
				en,
			);
			mainGroup = OBJ_5;
			productRefGroup = OBJ_151 /* Products */;
			projectDirPath = "";
			projectRoot = "";
			targets = (
				"Alamofire::Alamofire" /* Alamofire */,
				"Alamofire::SwiftPMPackageDescription" /* AlamofirePackageDescription */,
				"JWTDecode::JWTDecode" /* JWTDecode */,
				"JWTDecode::SwiftPMPackageDescription" /* JWTDecodePackageDescription */,
				"ObjectMapper::ObjectMapper" /* ObjectMapper */,
				"ObjectMapper::SwiftPMPackageDescription" /* ObjectMapperPackageDescription */,
				"PayseraCommonSDK::PayseraCommonSDK" /* PayseraCommonSDK */,
				"PayseraCommonSDK::SwiftPMPackageDescription" /* PayseraCommonSDKPackageDescription */,
				"PayseraParcelSDK::PayseraParcelSDK" /* PayseraParcelSDK */,
				"PayseraParcelSDK::SwiftPMPackageDescription" /* PayseraParcelSDKPackageDescription */,
				"PayseraParcelSDK::PayseraParcelSDKPackageTests::ProductTarget" /* PayseraParcelSDKPackageTests */,
				"PayseraParcelSDK::PayseraParcelSDKTests" /* PayseraParcelSDKTests */,
				"PromiseKit::PromiseKit" /* PromiseKit */,
				"PromiseKit::SwiftPMPackageDescription" /* PromiseKitPackageDescription */,
			);
		};
/* End PBXProject section */

/* Begin PBXSourcesBuildPhase section */
		OBJ_165 /* Sources */ = {
			isa = PBXSourcesBuildPhase;
			buildActionMask = 0;
			files = (
				OBJ_166 /* AFError.swift in Sources */,
				OBJ_167 /* Alamofire.swift in Sources */,
				OBJ_168 /* AlamofireExtended.swift in Sources */,
				OBJ_169 /* AuthenticationInterceptor.swift in Sources */,
				OBJ_170 /* CachedResponseHandler.swift in Sources */,
				OBJ_171 /* Combine.swift in Sources */,
				OBJ_172 /* DispatchQueue+Alamofire.swift in Sources */,
				OBJ_173 /* EventMonitor.swift in Sources */,
				OBJ_174 /* HTTPHeaders.swift in Sources */,
				OBJ_175 /* HTTPMethod.swift in Sources */,
				OBJ_176 /* MultipartFormData.swift in Sources */,
				OBJ_177 /* MultipartUpload.swift in Sources */,
				OBJ_178 /* NetworkReachabilityManager.swift in Sources */,
				OBJ_179 /* Notifications.swift in Sources */,
				OBJ_180 /* OperationQueue+Alamofire.swift in Sources */,
				OBJ_181 /* ParameterEncoder.swift in Sources */,
				OBJ_182 /* ParameterEncoding.swift in Sources */,
				OBJ_183 /* Protected.swift in Sources */,
				OBJ_184 /* RedirectHandler.swift in Sources */,
				OBJ_185 /* Request.swift in Sources */,
				OBJ_186 /* RequestInterceptor.swift in Sources */,
				OBJ_187 /* RequestTaskMap.swift in Sources */,
				OBJ_188 /* Response.swift in Sources */,
				OBJ_189 /* ResponseSerialization.swift in Sources */,
				OBJ_190 /* Result+Alamofire.swift in Sources */,
				OBJ_191 /* RetryPolicy.swift in Sources */,
				OBJ_192 /* ServerTrustEvaluation.swift in Sources */,
				OBJ_193 /* Session.swift in Sources */,
				OBJ_194 /* SessionDelegate.swift in Sources */,
				OBJ_195 /* StringEncoding+Alamofire.swift in Sources */,
				OBJ_196 /* URLConvertible+URLRequestConvertible.swift in Sources */,
				OBJ_197 /* URLEncodedFormEncoder.swift in Sources */,
				OBJ_198 /* URLRequest+Alamofire.swift in Sources */,
				OBJ_199 /* URLSessionConfiguration+Alamofire.swift in Sources */,
				OBJ_200 /* Validation.swift in Sources */,
			);
			runOnlyForDeploymentPostprocessing = 0;
		};
		OBJ_206 /* Sources */ = {
			isa = PBXSourcesBuildPhase;
			buildActionMask = 0;
			files = (
				OBJ_207 /* Package.swift in Sources */,
			);
			runOnlyForDeploymentPostprocessing = 0;
		};
		OBJ_212 /* Sources */ = {
			isa = PBXSourcesBuildPhase;
			buildActionMask = 0;
			files = (
				OBJ_213 /* A0JWT.swift in Sources */,
				OBJ_214 /* Errors.swift in Sources */,
				OBJ_215 /* JWT.swift in Sources */,
				OBJ_216 /* JWTDecode.swift in Sources */,
				OBJ_217 /* TokenValidators.swift in Sources */,
				OBJ_218 /* ValidationError.swift in Sources */,
				OBJ_219 /* ValidatorJWT.swift in Sources */,
			);
			runOnlyForDeploymentPostprocessing = 0;
		};
		OBJ_225 /* Sources */ = {
			isa = PBXSourcesBuildPhase;
			buildActionMask = 0;
			files = (
				OBJ_226 /* Package.swift in Sources */,
			);
			runOnlyForDeploymentPostprocessing = 0;
		};
		OBJ_231 /* Sources */ = {
			isa = PBXSourcesBuildPhase;
			buildActionMask = 0;
			files = (
				OBJ_232 /* CodableTransform.swift in Sources */,
				OBJ_233 /* CustomDateFormatTransform.swift in Sources */,
				OBJ_234 /* DataTransform.swift in Sources */,
				OBJ_235 /* DateFormatterTransform.swift in Sources */,
				OBJ_236 /* DateTransform.swift in Sources */,
				OBJ_237 /* DictionaryTransform.swift in Sources */,
				OBJ_238 /* EnumOperators.swift in Sources */,
				OBJ_239 /* EnumTransform.swift in Sources */,
				OBJ_240 /* FromJSON.swift in Sources */,
				OBJ_241 /* HexColorTransform.swift in Sources */,
				OBJ_242 /* ISO8601DateTransform.swift in Sources */,
				OBJ_243 /* ImmutableMappable.swift in Sources */,
				OBJ_244 /* IntegerOperators.swift in Sources */,
				OBJ_245 /* Map.swift in Sources */,
				OBJ_246 /* MapError.swift in Sources */,
				OBJ_247 /* Mappable.swift in Sources */,
				OBJ_248 /* Mapper.swift in Sources */,
				OBJ_249 /* NSDecimalNumberTransform.swift in Sources */,
				OBJ_250 /* Operators.swift in Sources */,
				OBJ_251 /* ToJSON.swift in Sources */,
				OBJ_252 /* TransformOf.swift in Sources */,
				OBJ_253 /* TransformOperators.swift in Sources */,
				OBJ_254 /* TransformType.swift in Sources */,
				OBJ_255 /* URLTransform.swift in Sources */,
			);
			runOnlyForDeploymentPostprocessing = 0;
		};
		OBJ_261 /* Sources */ = {
			isa = PBXSourcesBuildPhase;
			buildActionMask = 0;
			files = (
				OBJ_262 /* Package.swift in Sources */,
			);
			runOnlyForDeploymentPostprocessing = 0;
		};
		OBJ_267 /* Sources */ = {
			isa = PBXSourcesBuildPhase;
			buildActionMask = 0;
			files = (
				OBJ_268 /* PSApiError.swift in Sources */,
				OBJ_269 /* PSApiJWTCredentials.swift in Sources */,
				OBJ_270 /* PSApiRequest.swift in Sources */,
				OBJ_271 /* PSBaseFilter.swift in Sources */,
				OBJ_272 /* PSCursors.swift in Sources */,
				OBJ_273 /* PSMetadata.swift in Sources */,
				OBJ_274 /* PSMetadataAwareResponse.swift in Sources */,
				OBJ_275 /* PSMoney.swift in Sources */,
				OBJ_276 /* PSRequestHeaders.swift in Sources */,
				OBJ_277 /* PSURLRequestHeader.swift in Sources */,
				OBJ_278 /* PSLoggerProtocol.swift in Sources */,
				OBJ_279 /* PSTokenRefresherProtocol.swift in Sources */,
				OBJ_280 /* PSBaseApiClient.swift in Sources */,
				OBJ_281 /* PSRequestAdapter.swift in Sources */,
				OBJ_282 /* PSTrustedSession.swift in Sources */,
			);
			runOnlyForDeploymentPostprocessing = 0;
		};
		OBJ_297 /* Sources */ = {
			isa = PBXSourcesBuildPhase;
			buildActionMask = 0;
			files = (
				OBJ_298 /* Package.swift in Sources */,
			);
			runOnlyForDeploymentPostprocessing = 0;
		};
		OBJ_303 /* Sources */ = {
			isa = PBXSourcesBuildPhase;
			buildActionMask = 0;
			files = (
				OBJ_304 /* PSParcelPriceFilter.swift in Sources */,
				OBJ_305 /* PSTerminalFilter.swift in Sources */,
				OBJ_307 /* PSCourierCompany.swift in Sources */,
				OBJ_308 /* PSParcel.swift in Sources */,
				746A2763262FECEE008C8C4E /* PSParcelStatus.swift in Sources */,
				OBJ_309 /* PSParcelCountry.swift in Sources */,
				OBJ_310 /* PSParcelPayment.swift in Sources */,
				OBJ_311 /* PSParcelUser.swift in Sources */,
				OBJ_312 /* PSSize.swift in Sources */,
				OBJ_313 /* PSSizeCount.swift in Sources */,
				OBJ_314 /* PSStatusChange.swift in Sources */,
				OBJ_315 /* PSTerminal.swift in Sources */,
				OBJ_319 /* ParcelAPIClient.swift in Sources */,
				OBJ_320 /* ParcelAPIClientFactory.swift in Sources */,
				746A278F262FED65008C8C4E /* PSParcelPaymentStatus.swift in Sources */,
				OBJ_321 /* ParcelAPIRequestRouter.swift in Sources */,
			);
			runOnlyForDeploymentPostprocessing = 0;
		};
		OBJ_338 /* Sources */ = {
			isa = PBXSourcesBuildPhase;
			buildActionMask = 0;
			files = (
				OBJ_339 /* Package.swift in Sources */,
			);
			runOnlyForDeploymentPostprocessing = 0;
		};
		OBJ_349 /* Sources */ = {
			isa = PBXSourcesBuildPhase;
			buildActionMask = 0;
			files = (
				OBJ_350 /* MockFactory.swift in Sources */,
				OBJ_351 /* PayseraParcelSDKTests.swift in Sources */,
				OBJ_352 /* XCTestCase+Helper.swift in Sources */,
				OBJ_353 /* XCTestManifests.swift in Sources */,
			);
			runOnlyForDeploymentPostprocessing = 0;
		};
		OBJ_370 /* Sources */ = {
			isa = PBXSourcesBuildPhase;
			buildActionMask = 0;
			files = (
				OBJ_371 /* Box.swift in Sources */,
				OBJ_372 /* Catchable.swift in Sources */,
				OBJ_373 /* Configuration.swift in Sources */,
				OBJ_374 /* CustomStringConvertible.swift in Sources */,
				OBJ_375 /* Error.swift in Sources */,
				OBJ_376 /* Guarantee.swift in Sources */,
				OBJ_377 /* LogEvent.swift in Sources */,
				OBJ_378 /* Promise.swift in Sources */,
				OBJ_379 /* Resolver.swift in Sources */,
				OBJ_380 /* Thenable.swift in Sources */,
				OBJ_381 /* after.swift in Sources */,
				OBJ_382 /* firstly.swift in Sources */,
				OBJ_383 /* hang.swift in Sources */,
				OBJ_384 /* race.swift in Sources */,
				OBJ_385 /* when.swift in Sources */,
			);
			runOnlyForDeploymentPostprocessing = 0;
		};
		OBJ_391 /* Sources */ = {
			isa = PBXSourcesBuildPhase;
			buildActionMask = 0;
			files = (
				OBJ_392 /* Package.swift in Sources */,
			);
			runOnlyForDeploymentPostprocessing = 0;
		};
/* End PBXSourcesBuildPhase section */

/* Begin PBXTargetDependency section */
		OBJ_288 /* PBXTargetDependency */ = {
			isa = PBXTargetDependency;
			target = "JWTDecode::JWTDecode" /* JWTDecode */;
			targetProxy = 746A2719262FEC22008C8C4E /* PBXContainerItemProxy */;
		};
		OBJ_289 /* PBXTargetDependency */ = {
			isa = PBXTargetDependency;
			target = "ObjectMapper::ObjectMapper" /* ObjectMapper */;
			targetProxy = 746A271A262FEC22008C8C4E /* PBXContainerItemProxy */;
		};
		OBJ_290 /* PBXTargetDependency */ = {
			isa = PBXTargetDependency;
			target = "PromiseKit::PromiseKit" /* PromiseKit */;
			targetProxy = 746A271B262FEC22008C8C4E /* PBXContainerItemProxy */;
		};
		OBJ_292 /* PBXTargetDependency */ = {
			isa = PBXTargetDependency;
			target = "Alamofire::Alamofire" /* Alamofire */;
			targetProxy = 746A271C262FEC22008C8C4E /* PBXContainerItemProxy */;
		};
		OBJ_329 /* PBXTargetDependency */ = {
			isa = PBXTargetDependency;
			target = "PayseraCommonSDK::PayseraCommonSDK" /* PayseraCommonSDK */;
			targetProxy = 746A2718262FEC22008C8C4E /* PBXContainerItemProxy */;
		};
		OBJ_330 /* PBXTargetDependency */ = {
			isa = PBXTargetDependency;
			target = "JWTDecode::JWTDecode" /* JWTDecode */;
			targetProxy = 746A271D262FEC22008C8C4E /* PBXContainerItemProxy */;
		};
		OBJ_331 /* PBXTargetDependency */ = {
			isa = PBXTargetDependency;
			target = "ObjectMapper::ObjectMapper" /* ObjectMapper */;
			targetProxy = 746A271E262FEC22008C8C4E /* PBXContainerItemProxy */;
		};
		OBJ_332 /* PBXTargetDependency */ = {
			isa = PBXTargetDependency;
			target = "PromiseKit::PromiseKit" /* PromiseKit */;
			targetProxy = 746A271F262FEC22008C8C4E /* PBXContainerItemProxy */;
		};
		OBJ_333 /* PBXTargetDependency */ = {
			isa = PBXTargetDependency;
			target = "Alamofire::Alamofire" /* Alamofire */;
			targetProxy = 746A2720262FEC22008C8C4E /* PBXContainerItemProxy */;
		};
		OBJ_344 /* PBXTargetDependency */ = {
			isa = PBXTargetDependency;
			target = "PayseraParcelSDK::PayseraParcelSDKTests" /* PayseraParcelSDKTests */;
			targetProxy = 746A2731262FEC23008C8C4E /* PBXContainerItemProxy */;
		};
		OBJ_361 /* PBXTargetDependency */ = {
			isa = PBXTargetDependency;
			target = "PayseraParcelSDK::PayseraParcelSDK" /* PayseraParcelSDK */;
			targetProxy = 746A2721262FEC22008C8C4E /* PBXContainerItemProxy */;
		};
		OBJ_362 /* PBXTargetDependency */ = {
			isa = PBXTargetDependency;
			target = "PayseraCommonSDK::PayseraCommonSDK" /* PayseraCommonSDK */;
			targetProxy = 746A2722262FEC22008C8C4E /* PBXContainerItemProxy */;
		};
		OBJ_363 /* PBXTargetDependency */ = {
			isa = PBXTargetDependency;
			target = "JWTDecode::JWTDecode" /* JWTDecode */;
			targetProxy = 746A2723262FEC22008C8C4E /* PBXContainerItemProxy */;
		};
		OBJ_364 /* PBXTargetDependency */ = {
			isa = PBXTargetDependency;
			target = "ObjectMapper::ObjectMapper" /* ObjectMapper */;
			targetProxy = 746A2724262FEC22008C8C4E /* PBXContainerItemProxy */;
		};
		OBJ_365 /* PBXTargetDependency */ = {
			isa = PBXTargetDependency;
			target = "PromiseKit::PromiseKit" /* PromiseKit */;
			targetProxy = 746A2725262FEC22008C8C4E /* PBXContainerItemProxy */;
		};
		OBJ_366 /* PBXTargetDependency */ = {
			isa = PBXTargetDependency;
			target = "Alamofire::Alamofire" /* Alamofire */;
			targetProxy = 746A2726262FEC22008C8C4E /* PBXContainerItemProxy */;
		};
/* End PBXTargetDependency section */

/* Begin XCBuildConfiguration section */
		OBJ_163 /* Debug */ = {
			isa = XCBuildConfiguration;
			buildSettings = {
				ENABLE_TESTABILITY = YES;
				FRAMEWORK_SEARCH_PATHS = (
					"$(inherited)",
					"$(PLATFORM_DIR)/Developer/Library/Frameworks",
				);
				HEADER_SEARCH_PATHS = "$(inherited)";
				INFOPLIST_FILE = PayseraParcelSDK.xcodeproj/Alamofire_Info.plist;
				IPHONEOS_DEPLOYMENT_TARGET = 10.0;
				LD_RUNPATH_SEARCH_PATHS = "$(inherited) $(TOOLCHAIN_DIR)/usr/lib/swift/macosx";
				MACOSX_DEPLOYMENT_TARGET = 10.12;
				OTHER_CFLAGS = "$(inherited)";
				OTHER_LDFLAGS = (
					"$(inherited)",
					"-framework",
					CFNetwork,
				);
				OTHER_SWIFT_FLAGS = "$(inherited)";
				PRODUCT_BUNDLE_IDENTIFIER = Alamofire;
				PRODUCT_MODULE_NAME = "$(TARGET_NAME:c99extidentifier)";
				PRODUCT_NAME = "$(TARGET_NAME:c99extidentifier)";
				SKIP_INSTALL = YES;
				SWIFT_ACTIVE_COMPILATION_CONDITIONS = "$(inherited)";
				SWIFT_VERSION = 5.0;
				TARGET_NAME = Alamofire;
				TVOS_DEPLOYMENT_TARGET = 10.0;
				WATCHOS_DEPLOYMENT_TARGET = 3.0;
			};
			name = Debug;
		};
		OBJ_164 /* Release */ = {
			isa = XCBuildConfiguration;
			buildSettings = {
				ENABLE_TESTABILITY = YES;
				FRAMEWORK_SEARCH_PATHS = (
					"$(inherited)",
					"$(PLATFORM_DIR)/Developer/Library/Frameworks",
				);
				HEADER_SEARCH_PATHS = "$(inherited)";
				INFOPLIST_FILE = PayseraParcelSDK.xcodeproj/Alamofire_Info.plist;
				IPHONEOS_DEPLOYMENT_TARGET = 10.0;
				LD_RUNPATH_SEARCH_PATHS = "$(inherited) $(TOOLCHAIN_DIR)/usr/lib/swift/macosx";
				MACOSX_DEPLOYMENT_TARGET = 10.12;
				OTHER_CFLAGS = "$(inherited)";
				OTHER_LDFLAGS = (
					"$(inherited)",
					"-framework",
					CFNetwork,
				);
				OTHER_SWIFT_FLAGS = "$(inherited)";
				PRODUCT_BUNDLE_IDENTIFIER = Alamofire;
				PRODUCT_MODULE_NAME = "$(TARGET_NAME:c99extidentifier)";
				PRODUCT_NAME = "$(TARGET_NAME:c99extidentifier)";
				SKIP_INSTALL = YES;
				SWIFT_ACTIVE_COMPILATION_CONDITIONS = "$(inherited)";
				SWIFT_VERSION = 5.0;
				TARGET_NAME = Alamofire;
				TVOS_DEPLOYMENT_TARGET = 10.0;
				WATCHOS_DEPLOYMENT_TARGET = 3.0;
			};
			name = Release;
		};
		OBJ_204 /* Debug */ = {
			isa = XCBuildConfiguration;
			buildSettings = {
				LD = /usr/bin/true;
				OTHER_SWIFT_FLAGS = "-swift-version 5 -I $(TOOLCHAIN_DIR)/usr/lib/swift/pm/4_2 -sdk /Applications/Xcode.app/Contents/Developer/Platforms/MacOSX.platform/Developer/SDKs/MacOSX11.1.sdk -package-description-version 5.1.0";
				SWIFT_VERSION = 5.0;
			};
			name = Debug;
		};
		OBJ_205 /* Release */ = {
			isa = XCBuildConfiguration;
			buildSettings = {
				LD = /usr/bin/true;
				OTHER_SWIFT_FLAGS = "-swift-version 5 -I $(TOOLCHAIN_DIR)/usr/lib/swift/pm/4_2 -sdk /Applications/Xcode.app/Contents/Developer/Platforms/MacOSX.platform/Developer/SDKs/MacOSX11.1.sdk -package-description-version 5.1.0";
				SWIFT_VERSION = 5.0;
			};
			name = Release;
		};
		OBJ_210 /* Debug */ = {
			isa = XCBuildConfiguration;
			buildSettings = {
				ENABLE_TESTABILITY = YES;
				FRAMEWORK_SEARCH_PATHS = (
					"$(inherited)",
					"$(PLATFORM_DIR)/Developer/Library/Frameworks",
				);
				HEADER_SEARCH_PATHS = "$(inherited)";
				INFOPLIST_FILE = PayseraParcelSDK.xcodeproj/JWTDecode_Info.plist;
				IPHONEOS_DEPLOYMENT_TARGET = 9.0;
				LD_RUNPATH_SEARCH_PATHS = "$(inherited) $(TOOLCHAIN_DIR)/usr/lib/swift/macosx";
				MACOSX_DEPLOYMENT_TARGET = 10.10;
				OTHER_CFLAGS = "$(inherited)";
				OTHER_LDFLAGS = "$(inherited)";
				OTHER_SWIFT_FLAGS = "$(inherited)";
				PRODUCT_BUNDLE_IDENTIFIER = JWTDecode;
				PRODUCT_MODULE_NAME = "$(TARGET_NAME:c99extidentifier)";
				PRODUCT_NAME = "$(TARGET_NAME:c99extidentifier)";
				SKIP_INSTALL = YES;
				SWIFT_ACTIVE_COMPILATION_CONDITIONS = "$(inherited)";
				SWIFT_VERSION = 5.0;
				TARGET_NAME = JWTDecode;
				TVOS_DEPLOYMENT_TARGET = 9.0;
				WATCHOS_DEPLOYMENT_TARGET = 2.0;
			};
			name = Debug;
		};
		OBJ_211 /* Release */ = {
			isa = XCBuildConfiguration;
			buildSettings = {
				ENABLE_TESTABILITY = YES;
				FRAMEWORK_SEARCH_PATHS = (
					"$(inherited)",
					"$(PLATFORM_DIR)/Developer/Library/Frameworks",
				);
				HEADER_SEARCH_PATHS = "$(inherited)";
				INFOPLIST_FILE = PayseraParcelSDK.xcodeproj/JWTDecode_Info.plist;
				IPHONEOS_DEPLOYMENT_TARGET = 9.0;
				LD_RUNPATH_SEARCH_PATHS = "$(inherited) $(TOOLCHAIN_DIR)/usr/lib/swift/macosx";
				MACOSX_DEPLOYMENT_TARGET = 10.10;
				OTHER_CFLAGS = "$(inherited)";
				OTHER_LDFLAGS = "$(inherited)";
				OTHER_SWIFT_FLAGS = "$(inherited)";
				PRODUCT_BUNDLE_IDENTIFIER = JWTDecode;
				PRODUCT_MODULE_NAME = "$(TARGET_NAME:c99extidentifier)";
				PRODUCT_NAME = "$(TARGET_NAME:c99extidentifier)";
				SKIP_INSTALL = YES;
				SWIFT_ACTIVE_COMPILATION_CONDITIONS = "$(inherited)";
				SWIFT_VERSION = 5.0;
				TARGET_NAME = JWTDecode;
				TVOS_DEPLOYMENT_TARGET = 9.0;
				WATCHOS_DEPLOYMENT_TARGET = 2.0;
			};
			name = Release;
		};
		OBJ_223 /* Debug */ = {
			isa = XCBuildConfiguration;
			buildSettings = {
				LD = /usr/bin/true;
				OTHER_SWIFT_FLAGS = "-swift-version 5 -I $(TOOLCHAIN_DIR)/usr/lib/swift/pm/4_2 -sdk /Applications/Xcode.app/Contents/Developer/Platforms/MacOSX.platform/Developer/SDKs/MacOSX11.1.sdk -package-description-version 5.0.0";
				SWIFT_VERSION = 5.0;
			};
			name = Debug;
		};
		OBJ_224 /* Release */ = {
			isa = XCBuildConfiguration;
			buildSettings = {
				LD = /usr/bin/true;
				OTHER_SWIFT_FLAGS = "-swift-version 5 -I $(TOOLCHAIN_DIR)/usr/lib/swift/pm/4_2 -sdk /Applications/Xcode.app/Contents/Developer/Platforms/MacOSX.platform/Developer/SDKs/MacOSX11.1.sdk -package-description-version 5.0.0";
				SWIFT_VERSION = 5.0;
			};
			name = Release;
		};
		OBJ_229 /* Debug */ = {
			isa = XCBuildConfiguration;
			buildSettings = {
				ENABLE_TESTABILITY = YES;
				FRAMEWORK_SEARCH_PATHS = (
					"$(inherited)",
					"$(PLATFORM_DIR)/Developer/Library/Frameworks",
				);
				HEADER_SEARCH_PATHS = "$(inherited)";
				INFOPLIST_FILE = PayseraParcelSDK.xcodeproj/ObjectMapper_Info.plist;
				IPHONEOS_DEPLOYMENT_TARGET = 10.0;
				LD_RUNPATH_SEARCH_PATHS = "$(inherited) $(TOOLCHAIN_DIR)/usr/lib/swift/macosx";
				MACOSX_DEPLOYMENT_TARGET = 10.10;
				OTHER_CFLAGS = "$(inherited)";
				OTHER_LDFLAGS = "$(inherited)";
				OTHER_SWIFT_FLAGS = "$(inherited)";
				PRODUCT_BUNDLE_IDENTIFIER = ObjectMapper;
				PRODUCT_MODULE_NAME = "$(TARGET_NAME:c99extidentifier)";
				PRODUCT_NAME = "$(TARGET_NAME:c99extidentifier)";
				SKIP_INSTALL = YES;
				SWIFT_ACTIVE_COMPILATION_CONDITIONS = "$(inherited)";
				SWIFT_VERSION = 5.0;
				TARGET_NAME = ObjectMapper;
				TVOS_DEPLOYMENT_TARGET = 9.0;
				WATCHOS_DEPLOYMENT_TARGET = 2.0;
			};
			name = Debug;
		};
		OBJ_230 /* Release */ = {
			isa = XCBuildConfiguration;
			buildSettings = {
				ENABLE_TESTABILITY = YES;
				FRAMEWORK_SEARCH_PATHS = (
					"$(inherited)",
					"$(PLATFORM_DIR)/Developer/Library/Frameworks",
				);
				HEADER_SEARCH_PATHS = "$(inherited)";
				INFOPLIST_FILE = PayseraParcelSDK.xcodeproj/ObjectMapper_Info.plist;
				IPHONEOS_DEPLOYMENT_TARGET = 10.0;
				LD_RUNPATH_SEARCH_PATHS = "$(inherited) $(TOOLCHAIN_DIR)/usr/lib/swift/macosx";
				MACOSX_DEPLOYMENT_TARGET = 10.10;
				OTHER_CFLAGS = "$(inherited)";
				OTHER_LDFLAGS = "$(inherited)";
				OTHER_SWIFT_FLAGS = "$(inherited)";
				PRODUCT_BUNDLE_IDENTIFIER = ObjectMapper;
				PRODUCT_MODULE_NAME = "$(TARGET_NAME:c99extidentifier)";
				PRODUCT_NAME = "$(TARGET_NAME:c99extidentifier)";
				SKIP_INSTALL = YES;
				SWIFT_ACTIVE_COMPILATION_CONDITIONS = "$(inherited)";
				SWIFT_VERSION = 5.0;
				TARGET_NAME = ObjectMapper;
				TVOS_DEPLOYMENT_TARGET = 9.0;
				WATCHOS_DEPLOYMENT_TARGET = 2.0;
			};
			name = Release;
		};
		OBJ_259 /* Debug */ = {
			isa = XCBuildConfiguration;
			buildSettings = {
				LD = /usr/bin/true;
				OTHER_SWIFT_FLAGS = "-swift-version 5 -I $(TOOLCHAIN_DIR)/usr/lib/swift/pm/4_2 -sdk /Applications/Xcode.app/Contents/Developer/Platforms/MacOSX.platform/Developer/SDKs/MacOSX11.1.sdk -package-description-version 5.0.0";
				SWIFT_VERSION = 5.0;
			};
			name = Debug;
		};
		OBJ_260 /* Release */ = {
			isa = XCBuildConfiguration;
			buildSettings = {
				LD = /usr/bin/true;
				OTHER_SWIFT_FLAGS = "-swift-version 5 -I $(TOOLCHAIN_DIR)/usr/lib/swift/pm/4_2 -sdk /Applications/Xcode.app/Contents/Developer/Platforms/MacOSX.platform/Developer/SDKs/MacOSX11.1.sdk -package-description-version 5.0.0";
				SWIFT_VERSION = 5.0;
			};
			name = Release;
		};
		OBJ_265 /* Debug */ = {
			isa = XCBuildConfiguration;
			buildSettings = {
				ENABLE_TESTABILITY = YES;
				FRAMEWORK_SEARCH_PATHS = (
					"$(inherited)",
					"$(PLATFORM_DIR)/Developer/Library/Frameworks",
				);
				HEADER_SEARCH_PATHS = "$(inherited)";
				INFOPLIST_FILE = PayseraParcelSDK.xcodeproj/PayseraCommonSDK_Info.plist;
				IPHONEOS_DEPLOYMENT_TARGET = 10.0;
				LD_RUNPATH_SEARCH_PATHS = "$(inherited) $(TOOLCHAIN_DIR)/usr/lib/swift/macosx";
				MACOSX_DEPLOYMENT_TARGET = 10.12;
				OTHER_CFLAGS = "$(inherited)";
				OTHER_LDFLAGS = "$(inherited)";
				OTHER_SWIFT_FLAGS = "$(inherited)";
				PRODUCT_BUNDLE_IDENTIFIER = PayseraCommonSDK;
				PRODUCT_MODULE_NAME = "$(TARGET_NAME:c99extidentifier)";
				PRODUCT_NAME = "$(TARGET_NAME:c99extidentifier)";
				SKIP_INSTALL = YES;
				SWIFT_ACTIVE_COMPILATION_CONDITIONS = "$(inherited)";
				SWIFT_VERSION = 5.0;
				TARGET_NAME = PayseraCommonSDK;
				TVOS_DEPLOYMENT_TARGET = 9.0;
				WATCHOS_DEPLOYMENT_TARGET = 2.0;
			};
			name = Debug;
		};
		OBJ_266 /* Release */ = {
			isa = XCBuildConfiguration;
			buildSettings = {
				ENABLE_TESTABILITY = YES;
				FRAMEWORK_SEARCH_PATHS = (
					"$(inherited)",
					"$(PLATFORM_DIR)/Developer/Library/Frameworks",
				);
				HEADER_SEARCH_PATHS = "$(inherited)";
				INFOPLIST_FILE = PayseraParcelSDK.xcodeproj/PayseraCommonSDK_Info.plist;
				IPHONEOS_DEPLOYMENT_TARGET = 10.0;
				LD_RUNPATH_SEARCH_PATHS = "$(inherited) $(TOOLCHAIN_DIR)/usr/lib/swift/macosx";
				MACOSX_DEPLOYMENT_TARGET = 10.12;
				OTHER_CFLAGS = "$(inherited)";
				OTHER_LDFLAGS = "$(inherited)";
				OTHER_SWIFT_FLAGS = "$(inherited)";
				PRODUCT_BUNDLE_IDENTIFIER = PayseraCommonSDK;
				PRODUCT_MODULE_NAME = "$(TARGET_NAME:c99extidentifier)";
				PRODUCT_NAME = "$(TARGET_NAME:c99extidentifier)";
				SKIP_INSTALL = YES;
				SWIFT_ACTIVE_COMPILATION_CONDITIONS = "$(inherited)";
				SWIFT_VERSION = 5.0;
				TARGET_NAME = PayseraCommonSDK;
				TVOS_DEPLOYMENT_TARGET = 9.0;
				WATCHOS_DEPLOYMENT_TARGET = 2.0;
			};
			name = Release;
		};
		OBJ_295 /* Debug */ = {
			isa = XCBuildConfiguration;
			buildSettings = {
				LD = /usr/bin/true;
				OTHER_SWIFT_FLAGS = "-swift-version 5 -I $(TOOLCHAIN_DIR)/usr/lib/swift/pm/4_2 -sdk /Applications/Xcode.app/Contents/Developer/Platforms/MacOSX.platform/Developer/SDKs/MacOSX11.1.sdk -package-description-version 5.3.0";
				SWIFT_VERSION = 5.0;
			};
			name = Debug;
		};
		OBJ_296 /* Release */ = {
			isa = XCBuildConfiguration;
			buildSettings = {
				LD = /usr/bin/true;
				OTHER_SWIFT_FLAGS = "-swift-version 5 -I $(TOOLCHAIN_DIR)/usr/lib/swift/pm/4_2 -sdk /Applications/Xcode.app/Contents/Developer/Platforms/MacOSX.platform/Developer/SDKs/MacOSX11.1.sdk -package-description-version 5.3.0";
				SWIFT_VERSION = 5.0;
			};
			name = Release;
		};
		OBJ_3 /* Debug */ = {
			isa = XCBuildConfiguration;
			buildSettings = {
				CLANG_ENABLE_OBJC_ARC = YES;
				COMBINE_HIDPI_IMAGES = YES;
				COPY_PHASE_STRIP = NO;
				DEBUG_INFORMATION_FORMAT = dwarf;
				DYLIB_INSTALL_NAME_BASE = "@rpath";
				ENABLE_NS_ASSERTIONS = YES;
				GCC_OPTIMIZATION_LEVEL = 0;
				GCC_PREPROCESSOR_DEFINITIONS = (
					"$(inherited)",
					"SWIFT_PACKAGE=1",
					"DEBUG=1",
				);
				MACOSX_DEPLOYMENT_TARGET = 10.10;
				ONLY_ACTIVE_ARCH = YES;
				OTHER_SWIFT_FLAGS = "$(inherited) -DXcode";
				PRODUCT_NAME = "$(TARGET_NAME)";
				SDKROOT = macosx;
				SUPPORTED_PLATFORMS = "macosx iphoneos iphonesimulator appletvos appletvsimulator watchos watchsimulator";
				SWIFT_ACTIVE_COMPILATION_CONDITIONS = "$(inherited) SWIFT_PACKAGE DEBUG";
				SWIFT_OPTIMIZATION_LEVEL = "-Onone";
				USE_HEADERMAP = NO;
			};
			name = Debug;
		};
		OBJ_301 /* Debug */ = {
			isa = XCBuildConfiguration;
			buildSettings = {
				ENABLE_TESTABILITY = YES;
				FRAMEWORK_SEARCH_PATHS = (
					"$(inherited)",
					"$(PLATFORM_DIR)/Developer/Library/Frameworks",
				);
				HEADER_SEARCH_PATHS = "$(inherited)";
				INFOPLIST_FILE = PayseraParcelSDK.xcodeproj/PayseraParcelSDK_Info.plist;
				IPHONEOS_DEPLOYMENT_TARGET = 10.0;
				LD_RUNPATH_SEARCH_PATHS = "$(inherited) $(TOOLCHAIN_DIR)/usr/lib/swift/macosx";
				MACOSX_DEPLOYMENT_TARGET = 10.12;
				OTHER_CFLAGS = "$(inherited)";
				OTHER_LDFLAGS = "$(inherited)";
				OTHER_SWIFT_FLAGS = "$(inherited)";
				PRODUCT_BUNDLE_IDENTIFIER = PayseraParcelSDK;
				PRODUCT_MODULE_NAME = "$(TARGET_NAME:c99extidentifier)";
				PRODUCT_NAME = "$(TARGET_NAME:c99extidentifier)";
				SKIP_INSTALL = YES;
				SWIFT_ACTIVE_COMPILATION_CONDITIONS = "$(inherited)";
				SWIFT_VERSION = 5.0;
				TARGET_NAME = PayseraParcelSDK;
				TVOS_DEPLOYMENT_TARGET = 9.0;
				WATCHOS_DEPLOYMENT_TARGET = 2.0;
			};
			name = Debug;
		};
		OBJ_302 /* Release */ = {
			isa = XCBuildConfiguration;
			buildSettings = {
				ENABLE_TESTABILITY = YES;
				FRAMEWORK_SEARCH_PATHS = (
					"$(inherited)",
					"$(PLATFORM_DIR)/Developer/Library/Frameworks",
				);
				HEADER_SEARCH_PATHS = "$(inherited)";
				INFOPLIST_FILE = PayseraParcelSDK.xcodeproj/PayseraParcelSDK_Info.plist;
				IPHONEOS_DEPLOYMENT_TARGET = 10.0;
				LD_RUNPATH_SEARCH_PATHS = "$(inherited) $(TOOLCHAIN_DIR)/usr/lib/swift/macosx";
				MACOSX_DEPLOYMENT_TARGET = 10.12;
				OTHER_CFLAGS = "$(inherited)";
				OTHER_LDFLAGS = "$(inherited)";
				OTHER_SWIFT_FLAGS = "$(inherited)";
				PRODUCT_BUNDLE_IDENTIFIER = PayseraParcelSDK;
				PRODUCT_MODULE_NAME = "$(TARGET_NAME:c99extidentifier)";
				PRODUCT_NAME = "$(TARGET_NAME:c99extidentifier)";
				SKIP_INSTALL = YES;
				SWIFT_ACTIVE_COMPILATION_CONDITIONS = "$(inherited)";
				SWIFT_VERSION = 5.0;
				TARGET_NAME = PayseraParcelSDK;
				TVOS_DEPLOYMENT_TARGET = 9.0;
				WATCHOS_DEPLOYMENT_TARGET = 2.0;
			};
			name = Release;
		};
		OBJ_336 /* Debug */ = {
			isa = XCBuildConfiguration;
			buildSettings = {
				LD = /usr/bin/true;
				OTHER_SWIFT_FLAGS = "-swift-version 5 -I $(TOOLCHAIN_DIR)/usr/lib/swift/pm/4_2 -sdk /Applications/Xcode.app/Contents/Developer/Platforms/MacOSX.platform/Developer/SDKs/MacOSX11.1.sdk -package-description-version 5.3.0";
				SWIFT_VERSION = 5.0;
			};
			name = Debug;
		};
		OBJ_337 /* Release */ = {
			isa = XCBuildConfiguration;
			buildSettings = {
				LD = /usr/bin/true;
				OTHER_SWIFT_FLAGS = "-swift-version 5 -I $(TOOLCHAIN_DIR)/usr/lib/swift/pm/4_2 -sdk /Applications/Xcode.app/Contents/Developer/Platforms/MacOSX.platform/Developer/SDKs/MacOSX11.1.sdk -package-description-version 5.3.0";
				SWIFT_VERSION = 5.0;
			};
			name = Release;
		};
		OBJ_342 /* Debug */ = {
			isa = XCBuildConfiguration;
			buildSettings = {
			};
			name = Debug;
		};
		OBJ_343 /* Release */ = {
			isa = XCBuildConfiguration;
			buildSettings = {
			};
			name = Release;
		};
		OBJ_347 /* Debug */ = {
			isa = XCBuildConfiguration;
			buildSettings = {
				CLANG_ENABLE_MODULES = YES;
				EMBEDDED_CONTENT_CONTAINS_SWIFT = YES;
				FRAMEWORK_SEARCH_PATHS = (
					"$(inherited)",
					"$(PLATFORM_DIR)/Developer/Library/Frameworks",
				);
				HEADER_SEARCH_PATHS = "$(inherited)";
				INFOPLIST_FILE = PayseraParcelSDK.xcodeproj/PayseraParcelSDKTests_Info.plist;
				IPHONEOS_DEPLOYMENT_TARGET = 14.0;
				LD_RUNPATH_SEARCH_PATHS = "$(inherited) @loader_path/../Frameworks @loader_path/Frameworks";
				MACOSX_DEPLOYMENT_TARGET = 10.15;
				OTHER_CFLAGS = "$(inherited)";
				OTHER_LDFLAGS = "$(inherited)";
				OTHER_SWIFT_FLAGS = "$(inherited)";
				SWIFT_ACTIVE_COMPILATION_CONDITIONS = "$(inherited)";
				SWIFT_VERSION = 5.0;
				TARGET_NAME = PayseraParcelSDKTests;
				TVOS_DEPLOYMENT_TARGET = 9.0;
				WATCHOS_DEPLOYMENT_TARGET = 2.0;
			};
			name = Debug;
		};
		OBJ_348 /* Release */ = {
			isa = XCBuildConfiguration;
			buildSettings = {
				CLANG_ENABLE_MODULES = YES;
				EMBEDDED_CONTENT_CONTAINS_SWIFT = YES;
				FRAMEWORK_SEARCH_PATHS = (
					"$(inherited)",
					"$(PLATFORM_DIR)/Developer/Library/Frameworks",
				);
				HEADER_SEARCH_PATHS = "$(inherited)";
				INFOPLIST_FILE = PayseraParcelSDK.xcodeproj/PayseraParcelSDKTests_Info.plist;
				IPHONEOS_DEPLOYMENT_TARGET = 14.0;
				LD_RUNPATH_SEARCH_PATHS = "$(inherited) @loader_path/../Frameworks @loader_path/Frameworks";
				MACOSX_DEPLOYMENT_TARGET = 10.15;
				OTHER_CFLAGS = "$(inherited)";
				OTHER_LDFLAGS = "$(inherited)";
				OTHER_SWIFT_FLAGS = "$(inherited)";
				SWIFT_ACTIVE_COMPILATION_CONDITIONS = "$(inherited)";
				SWIFT_VERSION = 5.0;
				TARGET_NAME = PayseraParcelSDKTests;
				TVOS_DEPLOYMENT_TARGET = 9.0;
				WATCHOS_DEPLOYMENT_TARGET = 2.0;
			};
			name = Release;
		};
		OBJ_368 /* Debug */ = {
			isa = XCBuildConfiguration;
			buildSettings = {
				ENABLE_TESTABILITY = YES;
				FRAMEWORK_SEARCH_PATHS = (
					"$(inherited)",
					"$(PLATFORM_DIR)/Developer/Library/Frameworks",
				);
				HEADER_SEARCH_PATHS = "$(inherited)";
				INFOPLIST_FILE = PayseraParcelSDK.xcodeproj/PromiseKit_Info.plist;
				IPHONEOS_DEPLOYMENT_TARGET = 8.0;
				LD_RUNPATH_SEARCH_PATHS = "$(inherited) $(TOOLCHAIN_DIR)/usr/lib/swift/macosx";
				MACOSX_DEPLOYMENT_TARGET = 10.10;
				OTHER_CFLAGS = "$(inherited)";
				OTHER_LDFLAGS = "$(inherited)";
				OTHER_SWIFT_FLAGS = "$(inherited)";
				PRODUCT_BUNDLE_IDENTIFIER = PromiseKit;
				PRODUCT_MODULE_NAME = "$(TARGET_NAME:c99extidentifier)";
				PRODUCT_NAME = "$(TARGET_NAME:c99extidentifier)";
				SKIP_INSTALL = YES;
				SWIFT_ACTIVE_COMPILATION_CONDITIONS = "$(inherited)";
				SWIFT_VERSION = 5.0;
				TARGET_NAME = PromiseKit;
				TVOS_DEPLOYMENT_TARGET = 9.0;
				WATCHOS_DEPLOYMENT_TARGET = 2.0;
			};
			name = Debug;
		};
		OBJ_369 /* Release */ = {
			isa = XCBuildConfiguration;
			buildSettings = {
				ENABLE_TESTABILITY = YES;
				FRAMEWORK_SEARCH_PATHS = (
					"$(inherited)",
					"$(PLATFORM_DIR)/Developer/Library/Frameworks",
				);
				HEADER_SEARCH_PATHS = "$(inherited)";
				INFOPLIST_FILE = PayseraParcelSDK.xcodeproj/PromiseKit_Info.plist;
				IPHONEOS_DEPLOYMENT_TARGET = 8.0;
				LD_RUNPATH_SEARCH_PATHS = "$(inherited) $(TOOLCHAIN_DIR)/usr/lib/swift/macosx";
				MACOSX_DEPLOYMENT_TARGET = 10.10;
				OTHER_CFLAGS = "$(inherited)";
				OTHER_LDFLAGS = "$(inherited)";
				OTHER_SWIFT_FLAGS = "$(inherited)";
				PRODUCT_BUNDLE_IDENTIFIER = PromiseKit;
				PRODUCT_MODULE_NAME = "$(TARGET_NAME:c99extidentifier)";
				PRODUCT_NAME = "$(TARGET_NAME:c99extidentifier)";
				SKIP_INSTALL = YES;
				SWIFT_ACTIVE_COMPILATION_CONDITIONS = "$(inherited)";
				SWIFT_VERSION = 5.0;
				TARGET_NAME = PromiseKit;
				TVOS_DEPLOYMENT_TARGET = 9.0;
				WATCHOS_DEPLOYMENT_TARGET = 2.0;
			};
			name = Release;
		};
		OBJ_389 /* Debug */ = {
			isa = XCBuildConfiguration;
			buildSettings = {
				LD = /usr/bin/true;
				OTHER_SWIFT_FLAGS = "-swift-version 5 -I $(TOOLCHAIN_DIR)/usr/lib/swift/pm/4_2 -sdk /Applications/Xcode.app/Contents/Developer/Platforms/MacOSX.platform/Developer/SDKs/MacOSX11.1.sdk -package-description-version 5.0.0";
				SWIFT_VERSION = 5.0;
			};
			name = Debug;
		};
		OBJ_390 /* Release */ = {
			isa = XCBuildConfiguration;
			buildSettings = {
				LD = /usr/bin/true;
				OTHER_SWIFT_FLAGS = "-swift-version 5 -I $(TOOLCHAIN_DIR)/usr/lib/swift/pm/4_2 -sdk /Applications/Xcode.app/Contents/Developer/Platforms/MacOSX.platform/Developer/SDKs/MacOSX11.1.sdk -package-description-version 5.0.0";
				SWIFT_VERSION = 5.0;
			};
			name = Release;
		};
		OBJ_4 /* Release */ = {
			isa = XCBuildConfiguration;
			buildSettings = {
				CLANG_ENABLE_OBJC_ARC = YES;
				COMBINE_HIDPI_IMAGES = YES;
				COPY_PHASE_STRIP = YES;
				DEBUG_INFORMATION_FORMAT = "dwarf-with-dsym";
				DYLIB_INSTALL_NAME_BASE = "@rpath";
				GCC_OPTIMIZATION_LEVEL = s;
				GCC_PREPROCESSOR_DEFINITIONS = (
					"$(inherited)",
					"SWIFT_PACKAGE=1",
				);
				MACOSX_DEPLOYMENT_TARGET = 10.10;
				OTHER_SWIFT_FLAGS = "$(inherited) -DXcode";
				PRODUCT_NAME = "$(TARGET_NAME)";
				SDKROOT = macosx;
				SUPPORTED_PLATFORMS = "macosx iphoneos iphonesimulator appletvos appletvsimulator watchos watchsimulator";
				SWIFT_ACTIVE_COMPILATION_CONDITIONS = "$(inherited) SWIFT_PACKAGE";
				SWIFT_OPTIMIZATION_LEVEL = "-Owholemodule";
				USE_HEADERMAP = NO;
			};
			name = Release;
		};
/* End XCBuildConfiguration section */

/* Begin XCConfigurationList section */
		OBJ_162 /* Build configuration list for PBXNativeTarget "Alamofire" */ = {
			isa = XCConfigurationList;
			buildConfigurations = (
				OBJ_163 /* Debug */,
				OBJ_164 /* Release */,
			);
			defaultConfigurationIsVisible = 0;
			defaultConfigurationName = Release;
		};
		OBJ_2 /* Build configuration list for PBXProject "PayseraParcelSDK" */ = {
			isa = XCConfigurationList;
			buildConfigurations = (
				OBJ_3 /* Debug */,
				OBJ_4 /* Release */,
			);
			defaultConfigurationIsVisible = 0;
			defaultConfigurationName = Release;
		};
		OBJ_203 /* Build configuration list for PBXNativeTarget "AlamofirePackageDescription" */ = {
			isa = XCConfigurationList;
			buildConfigurations = (
				OBJ_204 /* Debug */,
				OBJ_205 /* Release */,
			);
			defaultConfigurationIsVisible = 0;
			defaultConfigurationName = Release;
		};
		OBJ_209 /* Build configuration list for PBXNativeTarget "JWTDecode" */ = {
			isa = XCConfigurationList;
			buildConfigurations = (
				OBJ_210 /* Debug */,
				OBJ_211 /* Release */,
			);
			defaultConfigurationIsVisible = 0;
			defaultConfigurationName = Release;
		};
		OBJ_222 /* Build configuration list for PBXNativeTarget "JWTDecodePackageDescription" */ = {
			isa = XCConfigurationList;
			buildConfigurations = (
				OBJ_223 /* Debug */,
				OBJ_224 /* Release */,
			);
			defaultConfigurationIsVisible = 0;
			defaultConfigurationName = Release;
		};
		OBJ_228 /* Build configuration list for PBXNativeTarget "ObjectMapper" */ = {
			isa = XCConfigurationList;
			buildConfigurations = (
				OBJ_229 /* Debug */,
				OBJ_230 /* Release */,
			);
			defaultConfigurationIsVisible = 0;
			defaultConfigurationName = Release;
		};
		OBJ_258 /* Build configuration list for PBXNativeTarget "ObjectMapperPackageDescription" */ = {
			isa = XCConfigurationList;
			buildConfigurations = (
				OBJ_259 /* Debug */,
				OBJ_260 /* Release */,
			);
			defaultConfigurationIsVisible = 0;
			defaultConfigurationName = Release;
		};
		OBJ_264 /* Build configuration list for PBXNativeTarget "PayseraCommonSDK" */ = {
			isa = XCConfigurationList;
			buildConfigurations = (
				OBJ_265 /* Debug */,
				OBJ_266 /* Release */,
			);
			defaultConfigurationIsVisible = 0;
			defaultConfigurationName = Release;
		};
		OBJ_294 /* Build configuration list for PBXNativeTarget "PayseraCommonSDKPackageDescription" */ = {
			isa = XCConfigurationList;
			buildConfigurations = (
				OBJ_295 /* Debug */,
				OBJ_296 /* Release */,
			);
			defaultConfigurationIsVisible = 0;
			defaultConfigurationName = Release;
		};
		OBJ_300 /* Build configuration list for PBXNativeTarget "PayseraParcelSDK" */ = {
			isa = XCConfigurationList;
			buildConfigurations = (
				OBJ_301 /* Debug */,
				OBJ_302 /* Release */,
			);
			defaultConfigurationIsVisible = 0;
			defaultConfigurationName = Release;
		};
		OBJ_335 /* Build configuration list for PBXNativeTarget "PayseraParcelSDKPackageDescription" */ = {
			isa = XCConfigurationList;
			buildConfigurations = (
				OBJ_336 /* Debug */,
				OBJ_337 /* Release */,
			);
			defaultConfigurationIsVisible = 0;
			defaultConfigurationName = Release;
		};
		OBJ_341 /* Build configuration list for PBXAggregateTarget "PayseraParcelSDKPackageTests" */ = {
			isa = XCConfigurationList;
			buildConfigurations = (
				OBJ_342 /* Debug */,
				OBJ_343 /* Release */,
			);
			defaultConfigurationIsVisible = 0;
			defaultConfigurationName = Release;
		};
		OBJ_346 /* Build configuration list for PBXNativeTarget "PayseraParcelSDKTests" */ = {
			isa = XCConfigurationList;
			buildConfigurations = (
				OBJ_347 /* Debug */,
				OBJ_348 /* Release */,
			);
			defaultConfigurationIsVisible = 0;
			defaultConfigurationName = Release;
		};
		OBJ_367 /* Build configuration list for PBXNativeTarget "PromiseKit" */ = {
			isa = XCConfigurationList;
			buildConfigurations = (
				OBJ_368 /* Debug */,
				OBJ_369 /* Release */,
			);
			defaultConfigurationIsVisible = 0;
			defaultConfigurationName = Release;
		};
		OBJ_388 /* Build configuration list for PBXNativeTarget "PromiseKitPackageDescription" */ = {
			isa = XCConfigurationList;
			buildConfigurations = (
				OBJ_389 /* Debug */,
				OBJ_390 /* Release */,
			);
			defaultConfigurationIsVisible = 0;
			defaultConfigurationName = Release;
		};
/* End XCConfigurationList section */
	};
	rootObject = OBJ_1 /* Project object */;
}
